
Microsoft Visual Studio Solution File, Format Version 12.00
# Visual Studio Version 16
VisualStudioVersion = 16.0.30128.36
MinimumVisualStudioVersion = 10.0.40219.1
Project("{D954291E-2A0B-460D-934E-DC6B0785DB48}") = "Scalex.Uno.Shared", "Scalex.Uno\Scalex.Uno.Shared\Scalex.Uno.Shared.shproj", "{6279C845-92F8-4333-AB99-3D213163593C}"
EndProject
Project("{FAE04EC0-301F-11D3-BF4B-00C04F79EFBC}") = "Scalex.Uno.Droid", "Scalex.Uno\Scalex.Uno.Droid\Scalex.Uno.Droid.csproj", "{57850CDC-1EB8-4CEA-845D-02C4FB105716}"
EndProject
Project("{FAE04EC0-301F-11D3-BF4B-00C04F79EFBC}") = "Scalex.Uno.iOS", "Scalex.Uno\Scalex.Uno.iOS\Scalex.Uno.iOS.csproj", "{3FCB031E-8A86-4F5C-8F03-999CC3AEC5D5}"
EndProject
Project("{FAE04EC0-301F-11D3-BF4B-00C04F79EFBC}") = "Scalex.Uno.UWP", "Scalex.Uno\Scalex.Uno.UWP\Scalex.Uno.UWP.csproj", "{043A4927-17A0-4E86-8A64-751BB1C7ECF7}"
EndProject
Project("{FAE04EC0-301F-11D3-BF4B-00C04F79EFBC}") = "Scalex.Uno.macOS", "Scalex.Uno\Scalex.Uno.macOS\Scalex.Uno.macOS.csproj", "{4CFE8567-5BFA-4A11-B67D-AF2E6C1D6ACC}"
EndProject
Project("{2150E333-8FDC-42A3-9474-1A3956D46DE8}") = "Core", "Core", "{0E522519-7D1E-48E2-8165-7C6512B2BEAD}"
EndProject
Project("{9A19103F-16F7-4668-BE54-9A1E7A4F7556}") = "Scalex.Core", "..\..\Core\Scalex.Core.csproj", "{A972E04D-6F3F-4E64-9CC3-B89733F6972A}"
EndProject
Project("{9A19103F-16F7-4668-BE54-9A1E7A4F7556}") = "Scalex.Rendering", "..\..\Rendering\Scalex.Rendering.csproj", "{4D9187A4-0A3C-4B4B-89A2-0A9DFDC71BBC}"
EndProject
Project("{9A19103F-16F7-4668-BE54-9A1E7A4F7556}") = "Scalex.Uno.Wasm", "Scalex.Uno\Scalex.Uno.Wasm\Scalex.Uno.Wasm.csproj", "{5BC5060E-377A-4057-AA84-1C0B03B2A1C6}"
EndProject
Global
	GlobalSection(SharedMSBuildProjectFiles) = preSolution
		Scalex.Uno\Scalex.Uno.Shared\Scalex.Uno.Shared.projitems*{043a4927-17a0-4e86-8a64-751bb1c7ecf7}*SharedItemsImports = 4
		Scalex.Uno\Scalex.Uno.Shared\Scalex.Uno.Shared.projitems*{3fcb031e-8a86-4f5c-8f03-999cc3aec5d5}*SharedItemsImports = 4
		Scalex.Uno\Scalex.Uno.Shared\Scalex.Uno.Shared.projitems*{4cfe8567-5bfa-4a11-b67d-af2e6c1d6acc}*SharedItemsImports = 4
		Scalex.Uno\Scalex.Uno.Shared\Scalex.Uno.Shared.projitems*{5bc5060e-377a-4057-aa84-1c0b03b2a1c6}*SharedItemsImports = 5
		Scalex.Uno\Scalex.Uno.Shared\Scalex.Uno.Shared.projitems*{6279c845-92f8-4333-ab99-3d213163593c}*SharedItemsImports = 13
	EndGlobalSection
	GlobalSection(SolutionConfigurationPlatforms) = preSolution
		Ad-Hoc|Any CPU = Ad-Hoc|Any CPU
		Ad-Hoc|ARM = Ad-Hoc|ARM
		Ad-Hoc|ARM64 = Ad-Hoc|ARM64
		Ad-Hoc|iPhone = Ad-Hoc|iPhone
		Ad-Hoc|iPhoneSimulator = Ad-Hoc|iPhoneSimulator
		Ad-Hoc|x64 = Ad-Hoc|x64
		Ad-Hoc|x86 = Ad-Hoc|x86
		AppStore|Any CPU = AppStore|Any CPU
		AppStore|ARM = AppStore|ARM
		AppStore|ARM64 = AppStore|ARM64
		AppStore|iPhone = AppStore|iPhone
		AppStore|iPhoneSimulator = AppStore|iPhoneSimulator
		AppStore|x64 = AppStore|x64
		AppStore|x86 = AppStore|x86
		Debug|Any CPU = Debug|Any CPU
		Debug|ARM = Debug|ARM
		Debug|ARM64 = Debug|ARM64
		Debug|iPhone = Debug|iPhone
		Debug|iPhoneSimulator = Debug|iPhoneSimulator
		Debug|x64 = Debug|x64
		Debug|x86 = Debug|x86
		Release|Any CPU = Release|Any CPU
		Release|ARM = Release|ARM
		Release|ARM64 = Release|ARM64
		Release|iPhone = Release|iPhone
		Release|iPhoneSimulator = Release|iPhoneSimulator
		Release|x64 = Release|x64
		Release|x86 = Release|x86
	EndGlobalSection
	GlobalSection(ProjectConfigurationPlatforms) = postSolution
		{57850CDC-1EB8-4CEA-845D-02C4FB105716}.Ad-Hoc|Any CPU.ActiveCfg = Release|Any CPU
		{57850CDC-1EB8-4CEA-845D-02C4FB105716}.Ad-Hoc|Any CPU.Build.0 = Release|Any CPU
		{57850CDC-1EB8-4CEA-845D-02C4FB105716}.Ad-Hoc|Any CPU.Deploy.0 = Release|Any CPU
		{57850CDC-1EB8-4CEA-845D-02C4FB105716}.Ad-Hoc|ARM.ActiveCfg = Release|Any CPU
		{57850CDC-1EB8-4CEA-845D-02C4FB105716}.Ad-Hoc|ARM.Build.0 = Release|Any CPU
		{57850CDC-1EB8-4CEA-845D-02C4FB105716}.Ad-Hoc|ARM.Deploy.0 = Release|Any CPU
		{57850CDC-1EB8-4CEA-845D-02C4FB105716}.Ad-Hoc|ARM64.ActiveCfg = Release|Any CPU
		{57850CDC-1EB8-4CEA-845D-02C4FB105716}.Ad-Hoc|ARM64.Build.0 = Release|Any CPU
		{57850CDC-1EB8-4CEA-845D-02C4FB105716}.Ad-Hoc|ARM64.Deploy.0 = Release|Any CPU
		{57850CDC-1EB8-4CEA-845D-02C4FB105716}.Ad-Hoc|iPhone.ActiveCfg = Release|Any CPU
		{57850CDC-1EB8-4CEA-845D-02C4FB105716}.Ad-Hoc|iPhone.Build.0 = Release|Any CPU
		{57850CDC-1EB8-4CEA-845D-02C4FB105716}.Ad-Hoc|iPhone.Deploy.0 = Release|Any CPU
		{57850CDC-1EB8-4CEA-845D-02C4FB105716}.Ad-Hoc|iPhoneSimulator.ActiveCfg = Release|Any CPU
		{57850CDC-1EB8-4CEA-845D-02C4FB105716}.Ad-Hoc|iPhoneSimulator.Build.0 = Release|Any CPU
		{57850CDC-1EB8-4CEA-845D-02C4FB105716}.Ad-Hoc|iPhoneSimulator.Deploy.0 = Release|Any CPU
		{57850CDC-1EB8-4CEA-845D-02C4FB105716}.Ad-Hoc|x64.ActiveCfg = Release|Any CPU
		{57850CDC-1EB8-4CEA-845D-02C4FB105716}.Ad-Hoc|x64.Build.0 = Release|Any CPU
		{57850CDC-1EB8-4CEA-845D-02C4FB105716}.Ad-Hoc|x64.Deploy.0 = Release|Any CPU
		{57850CDC-1EB8-4CEA-845D-02C4FB105716}.Ad-Hoc|x86.ActiveCfg = Release|Any CPU
		{57850CDC-1EB8-4CEA-845D-02C4FB105716}.Ad-Hoc|x86.Build.0 = Release|Any CPU
		{57850CDC-1EB8-4CEA-845D-02C4FB105716}.Ad-Hoc|x86.Deploy.0 = Release|Any CPU
		{57850CDC-1EB8-4CEA-845D-02C4FB105716}.AppStore|Any CPU.ActiveCfg = Release|Any CPU
		{57850CDC-1EB8-4CEA-845D-02C4FB105716}.AppStore|Any CPU.Build.0 = Release|Any CPU
		{57850CDC-1EB8-4CEA-845D-02C4FB105716}.AppStore|Any CPU.Deploy.0 = Release|Any CPU
		{57850CDC-1EB8-4CEA-845D-02C4FB105716}.AppStore|ARM.ActiveCfg = Release|Any CPU
		{57850CDC-1EB8-4CEA-845D-02C4FB105716}.AppStore|ARM.Build.0 = Release|Any CPU
		{57850CDC-1EB8-4CEA-845D-02C4FB105716}.AppStore|ARM.Deploy.0 = Release|Any CPU
		{57850CDC-1EB8-4CEA-845D-02C4FB105716}.AppStore|ARM64.ActiveCfg = Release|Any CPU
		{57850CDC-1EB8-4CEA-845D-02C4FB105716}.AppStore|ARM64.Build.0 = Release|Any CPU
		{57850CDC-1EB8-4CEA-845D-02C4FB105716}.AppStore|ARM64.Deploy.0 = Release|Any CPU
		{57850CDC-1EB8-4CEA-845D-02C4FB105716}.AppStore|iPhone.ActiveCfg = Release|Any CPU
		{57850CDC-1EB8-4CEA-845D-02C4FB105716}.AppStore|iPhone.Build.0 = Release|Any CPU
		{57850CDC-1EB8-4CEA-845D-02C4FB105716}.AppStore|iPhone.Deploy.0 = Release|Any CPU
		{57850CDC-1EB8-4CEA-845D-02C4FB105716}.AppStore|iPhoneSimulator.ActiveCfg = Release|Any CPU
		{57850CDC-1EB8-4CEA-845D-02C4FB105716}.AppStore|iPhoneSimulator.Build.0 = Release|Any CPU
		{57850CDC-1EB8-4CEA-845D-02C4FB105716}.AppStore|iPhoneSimulator.Deploy.0 = Release|Any CPU
		{57850CDC-1EB8-4CEA-845D-02C4FB105716}.AppStore|x64.ActiveCfg = Release|Any CPU
		{57850CDC-1EB8-4CEA-845D-02C4FB105716}.AppStore|x64.Build.0 = Release|Any CPU
		{57850CDC-1EB8-4CEA-845D-02C4FB105716}.AppStore|x64.Deploy.0 = Release|Any CPU
		{57850CDC-1EB8-4CEA-845D-02C4FB105716}.AppStore|x86.ActiveCfg = Release|Any CPU
		{57850CDC-1EB8-4CEA-845D-02C4FB105716}.AppStore|x86.Build.0 = Release|Any CPU
		{57850CDC-1EB8-4CEA-845D-02C4FB105716}.AppStore|x86.Deploy.0 = Release|Any CPU
		{57850CDC-1EB8-4CEA-845D-02C4FB105716}.Debug|Any CPU.ActiveCfg = Debug|Any CPU
		{57850CDC-1EB8-4CEA-845D-02C4FB105716}.Debug|Any CPU.Build.0 = Debug|Any CPU
		{57850CDC-1EB8-4CEA-845D-02C4FB105716}.Debug|Any CPU.Deploy.0 = Debug|Any CPU
		{57850CDC-1EB8-4CEA-845D-02C4FB105716}.Debug|ARM.ActiveCfg = Debug|Any CPU
		{57850CDC-1EB8-4CEA-845D-02C4FB105716}.Debug|ARM.Build.0 = Debug|Any CPU
		{57850CDC-1EB8-4CEA-845D-02C4FB105716}.Debug|ARM.Deploy.0 = Debug|Any CPU
		{57850CDC-1EB8-4CEA-845D-02C4FB105716}.Debug|ARM64.ActiveCfg = Debug|Any CPU
		{57850CDC-1EB8-4CEA-845D-02C4FB105716}.Debug|ARM64.Build.0 = Debug|Any CPU
		{57850CDC-1EB8-4CEA-845D-02C4FB105716}.Debug|ARM64.Deploy.0 = Debug|Any CPU
		{57850CDC-1EB8-4CEA-845D-02C4FB105716}.Debug|iPhone.ActiveCfg = Debug|Any CPU
		{57850CDC-1EB8-4CEA-845D-02C4FB105716}.Debug|iPhone.Build.0 = Debug|Any CPU
		{57850CDC-1EB8-4CEA-845D-02C4FB105716}.Debug|iPhone.Deploy.0 = Debug|Any CPU
		{57850CDC-1EB8-4CEA-845D-02C4FB105716}.Debug|iPhoneSimulator.ActiveCfg = Debug|Any CPU
		{57850CDC-1EB8-4CEA-845D-02C4FB105716}.Debug|iPhoneSimulator.Build.0 = Debug|Any CPU
		{57850CDC-1EB8-4CEA-845D-02C4FB105716}.Debug|iPhoneSimulator.Deploy.0 = Debug|Any CPU
		{57850CDC-1EB8-4CEA-845D-02C4FB105716}.Debug|x64.ActiveCfg = Debug|Any CPU
		{57850CDC-1EB8-4CEA-845D-02C4FB105716}.Debug|x64.Build.0 = Debug|Any CPU
		{57850CDC-1EB8-4CEA-845D-02C4FB105716}.Debug|x64.Deploy.0 = Debug|Any CPU
		{57850CDC-1EB8-4CEA-845D-02C4FB105716}.Debug|x86.ActiveCfg = Debug|Any CPU
		{57850CDC-1EB8-4CEA-845D-02C4FB105716}.Debug|x86.Build.0 = Debug|Any CPU
		{57850CDC-1EB8-4CEA-845D-02C4FB105716}.Debug|x86.Deploy.0 = Debug|Any CPU
		{57850CDC-1EB8-4CEA-845D-02C4FB105716}.Release|Any CPU.ActiveCfg = Release|Any CPU
		{57850CDC-1EB8-4CEA-845D-02C4FB105716}.Release|Any CPU.Build.0 = Release|Any CPU
		{57850CDC-1EB8-4CEA-845D-02C4FB105716}.Release|Any CPU.Deploy.0 = Release|Any CPU
		{57850CDC-1EB8-4CEA-845D-02C4FB105716}.Release|ARM.ActiveCfg = Release|Any CPU
		{57850CDC-1EB8-4CEA-845D-02C4FB105716}.Release|ARM.Build.0 = Release|Any CPU
		{57850CDC-1EB8-4CEA-845D-02C4FB105716}.Release|ARM.Deploy.0 = Release|Any CPU
		{57850CDC-1EB8-4CEA-845D-02C4FB105716}.Release|ARM64.ActiveCfg = Release|Any CPU
		{57850CDC-1EB8-4CEA-845D-02C4FB105716}.Release|ARM64.Build.0 = Release|Any CPU
		{57850CDC-1EB8-4CEA-845D-02C4FB105716}.Release|ARM64.Deploy.0 = Release|Any CPU
		{57850CDC-1EB8-4CEA-845D-02C4FB105716}.Release|iPhone.ActiveCfg = Release|Any CPU
		{57850CDC-1EB8-4CEA-845D-02C4FB105716}.Release|iPhone.Build.0 = Release|Any CPU
		{57850CDC-1EB8-4CEA-845D-02C4FB105716}.Release|iPhone.Deploy.0 = Release|Any CPU
		{57850CDC-1EB8-4CEA-845D-02C4FB105716}.Release|iPhoneSimulator.ActiveCfg = Release|Any CPU
		{57850CDC-1EB8-4CEA-845D-02C4FB105716}.Release|iPhoneSimulator.Build.0 = Release|Any CPU
		{57850CDC-1EB8-4CEA-845D-02C4FB105716}.Release|iPhoneSimulator.Deploy.0 = Release|Any CPU
		{57850CDC-1EB8-4CEA-845D-02C4FB105716}.Release|x64.ActiveCfg = Release|Any CPU
		{57850CDC-1EB8-4CEA-845D-02C4FB105716}.Release|x64.Build.0 = Release|Any CPU
		{57850CDC-1EB8-4CEA-845D-02C4FB105716}.Release|x64.Deploy.0 = Release|Any CPU
		{57850CDC-1EB8-4CEA-845D-02C4FB105716}.Release|x86.ActiveCfg = Release|Any CPU
		{57850CDC-1EB8-4CEA-845D-02C4FB105716}.Release|x86.Build.0 = Release|Any CPU
		{57850CDC-1EB8-4CEA-845D-02C4FB105716}.Release|x86.Deploy.0 = Release|Any CPU
		{3FCB031E-8A86-4F5C-8F03-999CC3AEC5D5}.Ad-Hoc|Any CPU.ActiveCfg = Ad-Hoc|iPhone
		{3FCB031E-8A86-4F5C-8F03-999CC3AEC5D5}.Ad-Hoc|ARM.ActiveCfg = Ad-Hoc|iPhone
		{3FCB031E-8A86-4F5C-8F03-999CC3AEC5D5}.Ad-Hoc|ARM64.ActiveCfg = Ad-Hoc|iPhone
		{3FCB031E-8A86-4F5C-8F03-999CC3AEC5D5}.Ad-Hoc|iPhone.ActiveCfg = Ad-Hoc|iPhone
		{3FCB031E-8A86-4F5C-8F03-999CC3AEC5D5}.Ad-Hoc|iPhone.Build.0 = Ad-Hoc|iPhone
		{3FCB031E-8A86-4F5C-8F03-999CC3AEC5D5}.Ad-Hoc|iPhoneSimulator.ActiveCfg = Ad-Hoc|iPhoneSimulator
		{3FCB031E-8A86-4F5C-8F03-999CC3AEC5D5}.Ad-Hoc|iPhoneSimulator.Build.0 = Ad-Hoc|iPhoneSimulator
		{3FCB031E-8A86-4F5C-8F03-999CC3AEC5D5}.Ad-Hoc|x64.ActiveCfg = Ad-Hoc|iPhone
		{3FCB031E-8A86-4F5C-8F03-999CC3AEC5D5}.Ad-Hoc|x86.ActiveCfg = Ad-Hoc|iPhone
		{3FCB031E-8A86-4F5C-8F03-999CC3AEC5D5}.AppStore|Any CPU.ActiveCfg = AppStore|iPhone
		{3FCB031E-8A86-4F5C-8F03-999CC3AEC5D5}.AppStore|ARM.ActiveCfg = AppStore|iPhone
		{3FCB031E-8A86-4F5C-8F03-999CC3AEC5D5}.AppStore|ARM64.ActiveCfg = AppStore|iPhone
		{3FCB031E-8A86-4F5C-8F03-999CC3AEC5D5}.AppStore|iPhone.ActiveCfg = AppStore|iPhone
		{3FCB031E-8A86-4F5C-8F03-999CC3AEC5D5}.AppStore|iPhone.Build.0 = AppStore|iPhone
		{3FCB031E-8A86-4F5C-8F03-999CC3AEC5D5}.AppStore|iPhoneSimulator.ActiveCfg = AppStore|iPhoneSimulator
		{3FCB031E-8A86-4F5C-8F03-999CC3AEC5D5}.AppStore|iPhoneSimulator.Build.0 = AppStore|iPhoneSimulator
		{3FCB031E-8A86-4F5C-8F03-999CC3AEC5D5}.AppStore|x64.ActiveCfg = AppStore|iPhone
		{3FCB031E-8A86-4F5C-8F03-999CC3AEC5D5}.AppStore|x86.ActiveCfg = AppStore|iPhone
		{3FCB031E-8A86-4F5C-8F03-999CC3AEC5D5}.Debug|Any CPU.ActiveCfg = Debug|iPhone
		{3FCB031E-8A86-4F5C-8F03-999CC3AEC5D5}.Debug|ARM.ActiveCfg = Debug|iPhone
		{3FCB031E-8A86-4F5C-8F03-999CC3AEC5D5}.Debug|ARM64.ActiveCfg = Debug|iPhone
		{3FCB031E-8A86-4F5C-8F03-999CC3AEC5D5}.Debug|iPhone.ActiveCfg = Debug|iPhone
		{3FCB031E-8A86-4F5C-8F03-999CC3AEC5D5}.Debug|iPhone.Build.0 = Debug|iPhone
		{3FCB031E-8A86-4F5C-8F03-999CC3AEC5D5}.Debug|iPhoneSimulator.ActiveCfg = Debug|iPhoneSimulator
		{3FCB031E-8A86-4F5C-8F03-999CC3AEC5D5}.Debug|iPhoneSimulator.Build.0 = Debug|iPhoneSimulator
		{3FCB031E-8A86-4F5C-8F03-999CC3AEC5D5}.Debug|x64.ActiveCfg = Debug|iPhone
		{3FCB031E-8A86-4F5C-8F03-999CC3AEC5D5}.Debug|x86.ActiveCfg = Debug|iPhone
		{3FCB031E-8A86-4F5C-8F03-999CC3AEC5D5}.Release|Any CPU.ActiveCfg = Release|iPhone
		{3FCB031E-8A86-4F5C-8F03-999CC3AEC5D5}.Release|ARM.ActiveCfg = Release|iPhone
		{3FCB031E-8A86-4F5C-8F03-999CC3AEC5D5}.Release|ARM64.ActiveCfg = Release|iPhone
		{3FCB031E-8A86-4F5C-8F03-999CC3AEC5D5}.Release|iPhone.ActiveCfg = Release|iPhone
		{3FCB031E-8A86-4F5C-8F03-999CC3AEC5D5}.Release|iPhone.Build.0 = Release|iPhone
		{3FCB031E-8A86-4F5C-8F03-999CC3AEC5D5}.Release|iPhoneSimulator.ActiveCfg = Release|iPhoneSimulator
		{3FCB031E-8A86-4F5C-8F03-999CC3AEC5D5}.Release|iPhoneSimulator.Build.0 = Release|iPhoneSimulator
		{3FCB031E-8A86-4F5C-8F03-999CC3AEC5D5}.Release|x64.ActiveCfg = Release|iPhone
		{3FCB031E-8A86-4F5C-8F03-999CC3AEC5D5}.Release|x86.ActiveCfg = Release|iPhone
		{043A4927-17A0-4E86-8A64-751BB1C7ECF7}.Ad-Hoc|Any CPU.ActiveCfg = Release|x64
		{043A4927-17A0-4E86-8A64-751BB1C7ECF7}.Ad-Hoc|Any CPU.Build.0 = Release|x64
		{043A4927-17A0-4E86-8A64-751BB1C7ECF7}.Ad-Hoc|Any CPU.Deploy.0 = Release|x64
		{043A4927-17A0-4E86-8A64-751BB1C7ECF7}.Ad-Hoc|ARM.ActiveCfg = Release|ARM
		{043A4927-17A0-4E86-8A64-751BB1C7ECF7}.Ad-Hoc|ARM.Build.0 = Release|ARM
		{043A4927-17A0-4E86-8A64-751BB1C7ECF7}.Ad-Hoc|ARM.Deploy.0 = Release|ARM
		{043A4927-17A0-4E86-8A64-751BB1C7ECF7}.Ad-Hoc|ARM64.ActiveCfg = Release|ARM64
		{043A4927-17A0-4E86-8A64-751BB1C7ECF7}.Ad-Hoc|ARM64.Build.0 = Release|ARM64
		{043A4927-17A0-4E86-8A64-751BB1C7ECF7}.Ad-Hoc|ARM64.Deploy.0 = Release|ARM64
		{043A4927-17A0-4E86-8A64-751BB1C7ECF7}.Ad-Hoc|iPhone.ActiveCfg = Release|x64
		{043A4927-17A0-4E86-8A64-751BB1C7ECF7}.Ad-Hoc|iPhone.Build.0 = Release|x64
		{043A4927-17A0-4E86-8A64-751BB1C7ECF7}.Ad-Hoc|iPhone.Deploy.0 = Release|x64
		{043A4927-17A0-4E86-8A64-751BB1C7ECF7}.Ad-Hoc|iPhoneSimulator.ActiveCfg = Release|x64
		{043A4927-17A0-4E86-8A64-751BB1C7ECF7}.Ad-Hoc|iPhoneSimulator.Build.0 = Release|x64
		{043A4927-17A0-4E86-8A64-751BB1C7ECF7}.Ad-Hoc|iPhoneSimulator.Deploy.0 = Release|x64
		{043A4927-17A0-4E86-8A64-751BB1C7ECF7}.Ad-Hoc|x64.ActiveCfg = Release|x64
		{043A4927-17A0-4E86-8A64-751BB1C7ECF7}.Ad-Hoc|x64.Build.0 = Release|x64
		{043A4927-17A0-4E86-8A64-751BB1C7ECF7}.Ad-Hoc|x64.Deploy.0 = Release|x64
		{043A4927-17A0-4E86-8A64-751BB1C7ECF7}.Ad-Hoc|x86.ActiveCfg = Release|x86
		{043A4927-17A0-4E86-8A64-751BB1C7ECF7}.Ad-Hoc|x86.Build.0 = Release|x86
		{043A4927-17A0-4E86-8A64-751BB1C7ECF7}.Ad-Hoc|x86.Deploy.0 = Release|x86
		{043A4927-17A0-4E86-8A64-751BB1C7ECF7}.AppStore|Any CPU.ActiveCfg = Release|x64
		{043A4927-17A0-4E86-8A64-751BB1C7ECF7}.AppStore|Any CPU.Build.0 = Release|x64
		{043A4927-17A0-4E86-8A64-751BB1C7ECF7}.AppStore|Any CPU.Deploy.0 = Release|x64
		{043A4927-17A0-4E86-8A64-751BB1C7ECF7}.AppStore|ARM.ActiveCfg = Release|ARM
		{043A4927-17A0-4E86-8A64-751BB1C7ECF7}.AppStore|ARM.Build.0 = Release|ARM
		{043A4927-17A0-4E86-8A64-751BB1C7ECF7}.AppStore|ARM.Deploy.0 = Release|ARM
		{043A4927-17A0-4E86-8A64-751BB1C7ECF7}.AppStore|ARM64.ActiveCfg = Release|ARM64
		{043A4927-17A0-4E86-8A64-751BB1C7ECF7}.AppStore|ARM64.Build.0 = Release|ARM64
		{043A4927-17A0-4E86-8A64-751BB1C7ECF7}.AppStore|ARM64.Deploy.0 = Release|ARM64
		{043A4927-17A0-4E86-8A64-751BB1C7ECF7}.AppStore|iPhone.ActiveCfg = Release|x64
		{043A4927-17A0-4E86-8A64-751BB1C7ECF7}.AppStore|iPhone.Build.0 = Release|x64
		{043A4927-17A0-4E86-8A64-751BB1C7ECF7}.AppStore|iPhone.Deploy.0 = Release|x64
		{043A4927-17A0-4E86-8A64-751BB1C7ECF7}.AppStore|iPhoneSimulator.ActiveCfg = Release|x64
		{043A4927-17A0-4E86-8A64-751BB1C7ECF7}.AppStore|iPhoneSimulator.Build.0 = Release|x64
		{043A4927-17A0-4E86-8A64-751BB1C7ECF7}.AppStore|iPhoneSimulator.Deploy.0 = Release|x64
		{043A4927-17A0-4E86-8A64-751BB1C7ECF7}.AppStore|x64.ActiveCfg = Release|x64
		{043A4927-17A0-4E86-8A64-751BB1C7ECF7}.AppStore|x64.Build.0 = Release|x64
		{043A4927-17A0-4E86-8A64-751BB1C7ECF7}.AppStore|x64.Deploy.0 = Release|x64
		{043A4927-17A0-4E86-8A64-751BB1C7ECF7}.AppStore|x86.ActiveCfg = Release|x86
		{043A4927-17A0-4E86-8A64-751BB1C7ECF7}.AppStore|x86.Build.0 = Release|x86
		{043A4927-17A0-4E86-8A64-751BB1C7ECF7}.AppStore|x86.Deploy.0 = Release|x86
		{043A4927-17A0-4E86-8A64-751BB1C7ECF7}.Debug|Any CPU.ActiveCfg = Debug|x86
		{043A4927-17A0-4E86-8A64-751BB1C7ECF7}.Debug|ARM.ActiveCfg = Debug|ARM
		{043A4927-17A0-4E86-8A64-751BB1C7ECF7}.Debug|ARM.Build.0 = Debug|ARM
		{043A4927-17A0-4E86-8A64-751BB1C7ECF7}.Debug|ARM.Deploy.0 = Debug|ARM
		{043A4927-17A0-4E86-8A64-751BB1C7ECF7}.Debug|ARM64.ActiveCfg = Debug|ARM64
		{043A4927-17A0-4E86-8A64-751BB1C7ECF7}.Debug|ARM64.Build.0 = Debug|ARM64
		{043A4927-17A0-4E86-8A64-751BB1C7ECF7}.Debug|ARM64.Deploy.0 = Debug|ARM64
		{043A4927-17A0-4E86-8A64-751BB1C7ECF7}.Debug|iPhone.ActiveCfg = Debug|x86
		{043A4927-17A0-4E86-8A64-751BB1C7ECF7}.Debug|iPhoneSimulator.ActiveCfg = Debug|x86
		{043A4927-17A0-4E86-8A64-751BB1C7ECF7}.Debug|x64.ActiveCfg = Debug|x64
		{043A4927-17A0-4E86-8A64-751BB1C7ECF7}.Debug|x64.Build.0 = Debug|x64
		{043A4927-17A0-4E86-8A64-751BB1C7ECF7}.Debug|x64.Deploy.0 = Debug|x64
		{043A4927-17A0-4E86-8A64-751BB1C7ECF7}.Debug|x86.ActiveCfg = Debug|x86
		{043A4927-17A0-4E86-8A64-751BB1C7ECF7}.Debug|x86.Build.0 = Debug|x86
		{043A4927-17A0-4E86-8A64-751BB1C7ECF7}.Debug|x86.Deploy.0 = Debug|x86
		{043A4927-17A0-4E86-8A64-751BB1C7ECF7}.Release|Any CPU.ActiveCfg = Release|x86
		{043A4927-17A0-4E86-8A64-751BB1C7ECF7}.Release|ARM.ActiveCfg = Release|ARM
		{043A4927-17A0-4E86-8A64-751BB1C7ECF7}.Release|ARM.Build.0 = Release|ARM
		{043A4927-17A0-4E86-8A64-751BB1C7ECF7}.Release|ARM.Deploy.0 = Release|ARM
		{043A4927-17A0-4E86-8A64-751BB1C7ECF7}.Release|ARM64.ActiveCfg = Release|ARM64
		{043A4927-17A0-4E86-8A64-751BB1C7ECF7}.Release|ARM64.Build.0 = Release|ARM64
		{043A4927-17A0-4E86-8A64-751BB1C7ECF7}.Release|ARM64.Deploy.0 = Release|ARM64
		{043A4927-17A0-4E86-8A64-751BB1C7ECF7}.Release|iPhone.ActiveCfg = Release|x86
		{043A4927-17A0-4E86-8A64-751BB1C7ECF7}.Release|iPhoneSimulator.ActiveCfg = Release|x86
		{043A4927-17A0-4E86-8A64-751BB1C7ECF7}.Release|x64.ActiveCfg = Release|x64
		{043A4927-17A0-4E86-8A64-751BB1C7ECF7}.Release|x64.Build.0 = Release|x64
		{043A4927-17A0-4E86-8A64-751BB1C7ECF7}.Release|x64.Deploy.0 = Release|x64
		{043A4927-17A0-4E86-8A64-751BB1C7ECF7}.Release|x86.ActiveCfg = Release|x86
		{043A4927-17A0-4E86-8A64-751BB1C7ECF7}.Release|x86.Build.0 = Release|x86
		{043A4927-17A0-4E86-8A64-751BB1C7ECF7}.Release|x86.Deploy.0 = Release|x86
		{4CFE8567-5BFA-4A11-B67D-AF2E6C1D6ACC}.Ad-Hoc|Any CPU.ActiveCfg = Release|iPhoneSimulator
		{4CFE8567-5BFA-4A11-B67D-AF2E6C1D6ACC}.Ad-Hoc|Any CPU.Build.0 = Release|iPhoneSimulator
		{4CFE8567-5BFA-4A11-B67D-AF2E6C1D6ACC}.Ad-Hoc|ARM.ActiveCfg = Release|iPhoneSimulator
		{4CFE8567-5BFA-4A11-B67D-AF2E6C1D6ACC}.Ad-Hoc|ARM.Build.0 = Release|iPhoneSimulator
		{4CFE8567-5BFA-4A11-B67D-AF2E6C1D6ACC}.Ad-Hoc|ARM64.ActiveCfg = Release|iPhoneSimulator
		{4CFE8567-5BFA-4A11-B67D-AF2E6C1D6ACC}.Ad-Hoc|ARM64.Build.0 = Release|iPhoneSimulator
		{4CFE8567-5BFA-4A11-B67D-AF2E6C1D6ACC}.Ad-Hoc|iPhone.ActiveCfg = Release|iPhoneSimulator
		{4CFE8567-5BFA-4A11-B67D-AF2E6C1D6ACC}.Ad-Hoc|iPhone.Build.0 = Release|iPhoneSimulator
		{4CFE8567-5BFA-4A11-B67D-AF2E6C1D6ACC}.Ad-Hoc|iPhoneSimulator.ActiveCfg = Release|iPhoneSimulator
		{4CFE8567-5BFA-4A11-B67D-AF2E6C1D6ACC}.Ad-Hoc|iPhoneSimulator.Build.0 = Release|iPhoneSimulator
		{4CFE8567-5BFA-4A11-B67D-AF2E6C1D6ACC}.Ad-Hoc|x64.ActiveCfg = Release|iPhoneSimulator
		{4CFE8567-5BFA-4A11-B67D-AF2E6C1D6ACC}.Ad-Hoc|x64.Build.0 = Release|iPhoneSimulator
		{4CFE8567-5BFA-4A11-B67D-AF2E6C1D6ACC}.Ad-Hoc|x86.ActiveCfg = Release|iPhoneSimulator
		{4CFE8567-5BFA-4A11-B67D-AF2E6C1D6ACC}.Ad-Hoc|x86.Build.0 = Release|iPhoneSimulator
		{4CFE8567-5BFA-4A11-B67D-AF2E6C1D6ACC}.AppStore|Any CPU.ActiveCfg = Release|iPhoneSimulator
		{4CFE8567-5BFA-4A11-B67D-AF2E6C1D6ACC}.AppStore|Any CPU.Build.0 = Release|iPhoneSimulator
		{4CFE8567-5BFA-4A11-B67D-AF2E6C1D6ACC}.AppStore|ARM.ActiveCfg = Release|iPhoneSimulator
		{4CFE8567-5BFA-4A11-B67D-AF2E6C1D6ACC}.AppStore|ARM.Build.0 = Release|iPhoneSimulator
		{4CFE8567-5BFA-4A11-B67D-AF2E6C1D6ACC}.AppStore|ARM64.ActiveCfg = Release|iPhoneSimulator
		{4CFE8567-5BFA-4A11-B67D-AF2E6C1D6ACC}.AppStore|ARM64.Build.0 = Release|iPhoneSimulator
		{4CFE8567-5BFA-4A11-B67D-AF2E6C1D6ACC}.AppStore|iPhone.ActiveCfg = Release|iPhoneSimulator
		{4CFE8567-5BFA-4A11-B67D-AF2E6C1D6ACC}.AppStore|iPhone.Build.0 = Release|iPhoneSimulator
		{4CFE8567-5BFA-4A11-B67D-AF2E6C1D6ACC}.AppStore|iPhoneSimulator.ActiveCfg = Release|iPhoneSimulator
		{4CFE8567-5BFA-4A11-B67D-AF2E6C1D6ACC}.AppStore|iPhoneSimulator.Build.0 = Release|iPhoneSimulator
		{4CFE8567-5BFA-4A11-B67D-AF2E6C1D6ACC}.AppStore|x64.ActiveCfg = Release|iPhoneSimulator
		{4CFE8567-5BFA-4A11-B67D-AF2E6C1D6ACC}.AppStore|x64.Build.0 = Release|iPhoneSimulator
		{4CFE8567-5BFA-4A11-B67D-AF2E6C1D6ACC}.AppStore|x86.ActiveCfg = Release|iPhoneSimulator
		{4CFE8567-5BFA-4A11-B67D-AF2E6C1D6ACC}.AppStore|x86.Build.0 = Release|iPhoneSimulator
		{4CFE8567-5BFA-4A11-B67D-AF2E6C1D6ACC}.Debug|Any CPU.ActiveCfg = Debug|iPhoneSimulator
		{4CFE8567-5BFA-4A11-B67D-AF2E6C1D6ACC}.Debug|ARM.ActiveCfg = Debug|iPhoneSimulator
		{4CFE8567-5BFA-4A11-B67D-AF2E6C1D6ACC}.Debug|ARM64.ActiveCfg = Debug|iPhoneSimulator
		{4CFE8567-5BFA-4A11-B67D-AF2E6C1D6ACC}.Debug|iPhone.ActiveCfg = Debug|iPhoneSimulator
		{4CFE8567-5BFA-4A11-B67D-AF2E6C1D6ACC}.Debug|iPhoneSimulator.ActiveCfg = Debug|iPhoneSimulator
		{4CFE8567-5BFA-4A11-B67D-AF2E6C1D6ACC}.Debug|iPhoneSimulator.Build.0 = Debug|iPhoneSimulator
		{4CFE8567-5BFA-4A11-B67D-AF2E6C1D6ACC}.Debug|x64.ActiveCfg = Debug|iPhoneSimulator
		{4CFE8567-5BFA-4A11-B67D-AF2E6C1D6ACC}.Debug|x86.ActiveCfg = Debug|iPhoneSimulator
		{4CFE8567-5BFA-4A11-B67D-AF2E6C1D6ACC}.Release|Any CPU.ActiveCfg = Release|iPhoneSimulator
		{4CFE8567-5BFA-4A11-B67D-AF2E6C1D6ACC}.Release|ARM.ActiveCfg = Release|iPhoneSimulator
		{4CFE8567-5BFA-4A11-B67D-AF2E6C1D6ACC}.Release|ARM64.ActiveCfg = Release|iPhoneSimulator
		{4CFE8567-5BFA-4A11-B67D-AF2E6C1D6ACC}.Release|iPhone.ActiveCfg = Release|iPhoneSimulator
		{4CFE8567-5BFA-4A11-B67D-AF2E6C1D6ACC}.Release|iPhoneSimulator.ActiveCfg = Release|iPhoneSimulator
		{4CFE8567-5BFA-4A11-B67D-AF2E6C1D6ACC}.Release|iPhoneSimulator.Build.0 = Release|iPhoneSimulator
		{4CFE8567-5BFA-4A11-B67D-AF2E6C1D6ACC}.Release|x64.ActiveCfg = Release|iPhoneSimulator
		{4CFE8567-5BFA-4A11-B67D-AF2E6C1D6ACC}.Release|x86.ActiveCfg = Release|iPhoneSimulator
		{A972E04D-6F3F-4E64-9CC3-B89733F6972A}.Ad-Hoc|Any CPU.ActiveCfg = Debug|Any CPU
		{A972E04D-6F3F-4E64-9CC3-B89733F6972A}.Ad-Hoc|Any CPU.Build.0 = Debug|Any CPU
		{A972E04D-6F3F-4E64-9CC3-B89733F6972A}.Ad-Hoc|ARM.ActiveCfg = Debug|Any CPU
		{A972E04D-6F3F-4E64-9CC3-B89733F6972A}.Ad-Hoc|ARM.Build.0 = Debug|Any CPU
		{A972E04D-6F3F-4E64-9CC3-B89733F6972A}.Ad-Hoc|ARM64.ActiveCfg = Debug|Any CPU
		{A972E04D-6F3F-4E64-9CC3-B89733F6972A}.Ad-Hoc|ARM64.Build.0 = Debug|Any CPU
		{A972E04D-6F3F-4E64-9CC3-B89733F6972A}.Ad-Hoc|iPhone.ActiveCfg = Debug|Any CPU
		{A972E04D-6F3F-4E64-9CC3-B89733F6972A}.Ad-Hoc|iPhone.Build.0 = Debug|Any CPU
		{A972E04D-6F3F-4E64-9CC3-B89733F6972A}.Ad-Hoc|iPhoneSimulator.ActiveCfg = Debug|Any CPU
		{A972E04D-6F3F-4E64-9CC3-B89733F6972A}.Ad-Hoc|iPhoneSimulator.Build.0 = Debug|Any CPU
		{A972E04D-6F3F-4E64-9CC3-B89733F6972A}.Ad-Hoc|x64.ActiveCfg = Debug|Any CPU
		{A972E04D-6F3F-4E64-9CC3-B89733F6972A}.Ad-Hoc|x64.Build.0 = Debug|Any CPU
		{A972E04D-6F3F-4E64-9CC3-B89733F6972A}.Ad-Hoc|x86.ActiveCfg = Debug|Any CPU
		{A972E04D-6F3F-4E64-9CC3-B89733F6972A}.Ad-Hoc|x86.Build.0 = Debug|Any CPU
		{A972E04D-6F3F-4E64-9CC3-B89733F6972A}.AppStore|Any CPU.ActiveCfg = Debug|Any CPU
		{A972E04D-6F3F-4E64-9CC3-B89733F6972A}.AppStore|Any CPU.Build.0 = Debug|Any CPU
		{A972E04D-6F3F-4E64-9CC3-B89733F6972A}.AppStore|ARM.ActiveCfg = Debug|Any CPU
		{A972E04D-6F3F-4E64-9CC3-B89733F6972A}.AppStore|ARM.Build.0 = Debug|Any CPU
		{A972E04D-6F3F-4E64-9CC3-B89733F6972A}.AppStore|ARM64.ActiveCfg = Debug|Any CPU
		{A972E04D-6F3F-4E64-9CC3-B89733F6972A}.AppStore|ARM64.Build.0 = Debug|Any CPU
		{A972E04D-6F3F-4E64-9CC3-B89733F6972A}.AppStore|iPhone.ActiveCfg = Debug|Any CPU
		{A972E04D-6F3F-4E64-9CC3-B89733F6972A}.AppStore|iPhone.Build.0 = Debug|Any CPU
		{A972E04D-6F3F-4E64-9CC3-B89733F6972A}.AppStore|iPhoneSimulator.ActiveCfg = Debug|Any CPU
		{A972E04D-6F3F-4E64-9CC3-B89733F6972A}.AppStore|iPhoneSimulator.Build.0 = Debug|Any CPU
		{A972E04D-6F3F-4E64-9CC3-B89733F6972A}.AppStore|x64.ActiveCfg = Debug|Any CPU
		{A972E04D-6F3F-4E64-9CC3-B89733F6972A}.AppStore|x64.Build.0 = Debug|Any CPU
		{A972E04D-6F3F-4E64-9CC3-B89733F6972A}.AppStore|x86.ActiveCfg = Debug|Any CPU
		{A972E04D-6F3F-4E64-9CC3-B89733F6972A}.AppStore|x86.Build.0 = Debug|Any CPU
		{A972E04D-6F3F-4E64-9CC3-B89733F6972A}.Debug|Any CPU.ActiveCfg = Debug|Any CPU
		{A972E04D-6F3F-4E64-9CC3-B89733F6972A}.Debug|Any CPU.Build.0 = Debug|Any CPU
		{A972E04D-6F3F-4E64-9CC3-B89733F6972A}.Debug|ARM.ActiveCfg = Debug|Any CPU
		{A972E04D-6F3F-4E64-9CC3-B89733F6972A}.Debug|ARM.Build.0 = Debug|Any CPU
		{A972E04D-6F3F-4E64-9CC3-B89733F6972A}.Debug|ARM64.ActiveCfg = Debug|Any CPU
		{A972E04D-6F3F-4E64-9CC3-B89733F6972A}.Debug|ARM64.Build.0 = Debug|Any CPU
		{A972E04D-6F3F-4E64-9CC3-B89733F6972A}.Debug|iPhone.ActiveCfg = Debug|Any CPU
		{A972E04D-6F3F-4E64-9CC3-B89733F6972A}.Debug|iPhone.Build.0 = Debug|Any CPU
		{A972E04D-6F3F-4E64-9CC3-B89733F6972A}.Debug|iPhoneSimulator.ActiveCfg = Debug|Any CPU
		{A972E04D-6F3F-4E64-9CC3-B89733F6972A}.Debug|iPhoneSimulator.Build.0 = Debug|Any CPU
		{A972E04D-6F3F-4E64-9CC3-B89733F6972A}.Debug|x64.ActiveCfg = Debug|Any CPU
		{A972E04D-6F3F-4E64-9CC3-B89733F6972A}.Debug|x64.Build.0 = Debug|Any CPU
		{A972E04D-6F3F-4E64-9CC3-B89733F6972A}.Debug|x86.ActiveCfg = Debug|Any CPU
		{A972E04D-6F3F-4E64-9CC3-B89733F6972A}.Debug|x86.Build.0 = Debug|Any CPU
		{A972E04D-6F3F-4E64-9CC3-B89733F6972A}.Release|Any CPU.ActiveCfg = Release|Any CPU
		{A972E04D-6F3F-4E64-9CC3-B89733F6972A}.Release|Any CPU.Build.0 = Release|Any CPU
		{A972E04D-6F3F-4E64-9CC3-B89733F6972A}.Release|ARM.ActiveCfg = Release|Any CPU
		{A972E04D-6F3F-4E64-9CC3-B89733F6972A}.Release|ARM.Build.0 = Release|Any CPU
		{A972E04D-6F3F-4E64-9CC3-B89733F6972A}.Release|ARM64.ActiveCfg = Release|Any CPU
		{A972E04D-6F3F-4E64-9CC3-B89733F6972A}.Release|ARM64.Build.0 = Release|Any CPU
		{A972E04D-6F3F-4E64-9CC3-B89733F6972A}.Release|iPhone.ActiveCfg = Release|Any CPU
		{A972E04D-6F3F-4E64-9CC3-B89733F6972A}.Release|iPhone.Build.0 = Release|Any CPU
		{A972E04D-6F3F-4E64-9CC3-B89733F6972A}.Release|iPhoneSimulator.ActiveCfg = Release|Any CPU
		{A972E04D-6F3F-4E64-9CC3-B89733F6972A}.Release|iPhoneSimulator.Build.0 = Release|Any CPU
		{A972E04D-6F3F-4E64-9CC3-B89733F6972A}.Release|x64.ActiveCfg = Release|Any CPU
		{A972E04D-6F3F-4E64-9CC3-B89733F6972A}.Release|x64.Build.0 = Release|Any CPU
		{A972E04D-6F3F-4E64-9CC3-B89733F6972A}.Release|x86.ActiveCfg = Release|Any CPU
		{A972E04D-6F3F-4E64-9CC3-B89733F6972A}.Release|x86.Build.0 = Release|Any CPU
		{4D9187A4-0A3C-4B4B-89A2-0A9DFDC71BBC}.Ad-Hoc|Any CPU.ActiveCfg = Debug|Any CPU
		{4D9187A4-0A3C-4B4B-89A2-0A9DFDC71BBC}.Ad-Hoc|Any CPU.Build.0 = Debug|Any CPU
		{4D9187A4-0A3C-4B4B-89A2-0A9DFDC71BBC}.Ad-Hoc|ARM.ActiveCfg = Debug|Any CPU
		{4D9187A4-0A3C-4B4B-89A2-0A9DFDC71BBC}.Ad-Hoc|ARM.Build.0 = Debug|Any CPU
		{4D9187A4-0A3C-4B4B-89A2-0A9DFDC71BBC}.Ad-Hoc|ARM64.ActiveCfg = Debug|Any CPU
		{4D9187A4-0A3C-4B4B-89A2-0A9DFDC71BBC}.Ad-Hoc|ARM64.Build.0 = Debug|Any CPU
		{4D9187A4-0A3C-4B4B-89A2-0A9DFDC71BBC}.Ad-Hoc|iPhone.ActiveCfg = Debug|Any CPU
		{4D9187A4-0A3C-4B4B-89A2-0A9DFDC71BBC}.Ad-Hoc|iPhone.Build.0 = Debug|Any CPU
		{4D9187A4-0A3C-4B4B-89A2-0A9DFDC71BBC}.Ad-Hoc|iPhoneSimulator.ActiveCfg = Debug|Any CPU
		{4D9187A4-0A3C-4B4B-89A2-0A9DFDC71BBC}.Ad-Hoc|iPhoneSimulator.Build.0 = Debug|Any CPU
		{4D9187A4-0A3C-4B4B-89A2-0A9DFDC71BBC}.Ad-Hoc|x64.ActiveCfg = Debug|Any CPU
		{4D9187A4-0A3C-4B4B-89A2-0A9DFDC71BBC}.Ad-Hoc|x64.Build.0 = Debug|Any CPU
		{4D9187A4-0A3C-4B4B-89A2-0A9DFDC71BBC}.Ad-Hoc|x86.ActiveCfg = Debug|Any CPU
		{4D9187A4-0A3C-4B4B-89A2-0A9DFDC71BBC}.Ad-Hoc|x86.Build.0 = Debug|Any CPU
		{4D9187A4-0A3C-4B4B-89A2-0A9DFDC71BBC}.AppStore|Any CPU.ActiveCfg = Debug|Any CPU
		{4D9187A4-0A3C-4B4B-89A2-0A9DFDC71BBC}.AppStore|Any CPU.Build.0 = Debug|Any CPU
		{4D9187A4-0A3C-4B4B-89A2-0A9DFDC71BBC}.AppStore|ARM.ActiveCfg = Debug|Any CPU
		{4D9187A4-0A3C-4B4B-89A2-0A9DFDC71BBC}.AppStore|ARM.Build.0 = Debug|Any CPU
		{4D9187A4-0A3C-4B4B-89A2-0A9DFDC71BBC}.AppStore|ARM64.ActiveCfg = Debug|Any CPU
		{4D9187A4-0A3C-4B4B-89A2-0A9DFDC71BBC}.AppStore|ARM64.Build.0 = Debug|Any CPU
		{4D9187A4-0A3C-4B4B-89A2-0A9DFDC71BBC}.AppStore|iPhone.ActiveCfg = Debug|Any CPU
		{4D9187A4-0A3C-4B4B-89A2-0A9DFDC71BBC}.AppStore|iPhone.Build.0 = Debug|Any CPU
		{4D9187A4-0A3C-4B4B-89A2-0A9DFDC71BBC}.AppStore|iPhoneSimulator.ActiveCfg = Debug|Any CPU
		{4D9187A4-0A3C-4B4B-89A2-0A9DFDC71BBC}.AppStore|iPhoneSimulator.Build.0 = Debug|Any CPU
		{4D9187A4-0A3C-4B4B-89A2-0A9DFDC71BBC}.AppStore|x64.ActiveCfg = Debug|Any CPU
		{4D9187A4-0A3C-4B4B-89A2-0A9DFDC71BBC}.AppStore|x64.Build.0 = Debug|Any CPU
		{4D9187A4-0A3C-4B4B-89A2-0A9DFDC71BBC}.AppStore|x86.ActiveCfg = Debug|Any CPU
		{4D9187A4-0A3C-4B4B-89A2-0A9DFDC71BBC}.AppStore|x86.Build.0 = Debug|Any CPU
		{4D9187A4-0A3C-4B4B-89A2-0A9DFDC71BBC}.Debug|Any CPU.ActiveCfg = Debug|Any CPU
		{4D9187A4-0A3C-4B4B-89A2-0A9DFDC71BBC}.Debug|Any CPU.Build.0 = Debug|Any CPU
		{4D9187A4-0A3C-4B4B-89A2-0A9DFDC71BBC}.Debug|ARM.ActiveCfg = Debug|Any CPU
		{4D9187A4-0A3C-4B4B-89A2-0A9DFDC71BBC}.Debug|ARM.Build.0 = Debug|Any CPU
		{4D9187A4-0A3C-4B4B-89A2-0A9DFDC71BBC}.Debug|ARM64.ActiveCfg = Debug|Any CPU
		{4D9187A4-0A3C-4B4B-89A2-0A9DFDC71BBC}.Debug|ARM64.Build.0 = Debug|Any CPU
		{4D9187A4-0A3C-4B4B-89A2-0A9DFDC71BBC}.Debug|iPhone.ActiveCfg = Debug|Any CPU
		{4D9187A4-0A3C-4B4B-89A2-0A9DFDC71BBC}.Debug|iPhone.Build.0 = Debug|Any CPU
		{4D9187A4-0A3C-4B4B-89A2-0A9DFDC71BBC}.Debug|iPhoneSimulator.ActiveCfg = Debug|Any CPU
		{4D9187A4-0A3C-4B4B-89A2-0A9DFDC71BBC}.Debug|iPhoneSimulator.Build.0 = Debug|Any CPU
		{4D9187A4-0A3C-4B4B-89A2-0A9DFDC71BBC}.Debug|x64.ActiveCfg = Debug|Any CPU
		{4D9187A4-0A3C-4B4B-89A2-0A9DFDC71BBC}.Debug|x64.Build.0 = Debug|Any CPU
		{4D9187A4-0A3C-4B4B-89A2-0A9DFDC71BBC}.Debug|x86.ActiveCfg = Debug|Any CPU
		{4D9187A4-0A3C-4B4B-89A2-0A9DFDC71BBC}.Debug|x86.Build.0 = Debug|Any CPU
		{4D9187A4-0A3C-4B4B-89A2-0A9DFDC71BBC}.Release|Any CPU.ActiveCfg = Release|Any CPU
		{4D9187A4-0A3C-4B4B-89A2-0A9DFDC71BBC}.Release|Any CPU.Build.0 = Release|Any CPU
		{4D9187A4-0A3C-4B4B-89A2-0A9DFDC71BBC}.Release|ARM.ActiveCfg = Release|Any CPU
		{4D9187A4-0A3C-4B4B-89A2-0A9DFDC71BBC}.Release|ARM.Build.0 = Release|Any CPU
		{4D9187A4-0A3C-4B4B-89A2-0A9DFDC71BBC}.Release|ARM64.ActiveCfg = Release|Any CPU
		{4D9187A4-0A3C-4B4B-89A2-0A9DFDC71BBC}.Release|ARM64.Build.0 = Release|Any CPU
		{4D9187A4-0A3C-4B4B-89A2-0A9DFDC71BBC}.Release|iPhone.ActiveCfg = Release|Any CPU
		{4D9187A4-0A3C-4B4B-89A2-0A9DFDC71BBC}.Release|iPhone.Build.0 = Release|Any CPU
		{4D9187A4-0A3C-4B4B-89A2-0A9DFDC71BBC}.Release|iPhoneSimulator.ActiveCfg = Release|Any CPU
		{4D9187A4-0A3C-4B4B-89A2-0A9DFDC71BBC}.Release|iPhoneSimulator.Build.0 = Release|Any CPU
		{4D9187A4-0A3C-4B4B-89A2-0A9DFDC71BBC}.Release|x64.ActiveCfg = Release|Any CPU
		{4D9187A4-0A3C-4B4B-89A2-0A9DFDC71BBC}.Release|x64.Build.0 = Release|Any CPU
		{4D9187A4-0A3C-4B4B-89A2-0A9DFDC71BBC}.Release|x86.ActiveCfg = Release|Any CPU
		{4D9187A4-0A3C-4B4B-89A2-0A9DFDC71BBC}.Release|x86.Build.0 = Release|Any CPU
		{5BC5060E-377A-4057-AA84-1C0B03B2A1C6}.Ad-Hoc|Any CPU.ActiveCfg = Debug|Any CPU
		{5BC5060E-377A-4057-AA84-1C0B03B2A1C6}.Ad-Hoc|Any CPU.Build.0 = Debug|Any CPU
		{5BC5060E-377A-4057-AA84-1C0B03B2A1C6}.Ad-Hoc|ARM.ActiveCfg = Debug|Any CPU
		{5BC5060E-377A-4057-AA84-1C0B03B2A1C6}.Ad-Hoc|ARM.Build.0 = Debug|Any CPU
		{5BC5060E-377A-4057-AA84-1C0B03B2A1C6}.Ad-Hoc|ARM64.ActiveCfg = Debug|Any CPU
		{5BC5060E-377A-4057-AA84-1C0B03B2A1C6}.Ad-Hoc|ARM64.Build.0 = Debug|Any CPU
		{5BC5060E-377A-4057-AA84-1C0B03B2A1C6}.Ad-Hoc|iPhone.ActiveCfg = Debug|Any CPU
		{5BC5060E-377A-4057-AA84-1C0B03B2A1C6}.Ad-Hoc|iPhone.Build.0 = Debug|Any CPU
		{5BC5060E-377A-4057-AA84-1C0B03B2A1C6}.Ad-Hoc|iPhoneSimulator.ActiveCfg = Debug|Any CPU
		{5BC5060E-377A-4057-AA84-1C0B03B2A1C6}.Ad-Hoc|iPhoneSimulator.Build.0 = Debug|Any CPU
		{5BC5060E-377A-4057-AA84-1C0B03B2A1C6}.Ad-Hoc|x64.ActiveCfg = Debug|Any CPU
		{5BC5060E-377A-4057-AA84-1C0B03B2A1C6}.Ad-Hoc|x64.Build.0 = Debug|Any CPU
		{5BC5060E-377A-4057-AA84-1C0B03B2A1C6}.Ad-Hoc|x86.ActiveCfg = Debug|Any CPU
		{5BC5060E-377A-4057-AA84-1C0B03B2A1C6}.Ad-Hoc|x86.Build.0 = Debug|Any CPU
		{5BC5060E-377A-4057-AA84-1C0B03B2A1C6}.AppStore|Any CPU.ActiveCfg = Debug|Any CPU
		{5BC5060E-377A-4057-AA84-1C0B03B2A1C6}.AppStore|Any CPU.Build.0 = Debug|Any CPU
		{5BC5060E-377A-4057-AA84-1C0B03B2A1C6}.AppStore|ARM.ActiveCfg = Debug|Any CPU
		{5BC5060E-377A-4057-AA84-1C0B03B2A1C6}.AppStore|ARM.Build.0 = Debug|Any CPU
		{5BC5060E-377A-4057-AA84-1C0B03B2A1C6}.AppStore|ARM64.ActiveCfg = Debug|Any CPU
		{5BC5060E-377A-4057-AA84-1C0B03B2A1C6}.AppStore|ARM64.Build.0 = Debug|Any CPU
		{5BC5060E-377A-4057-AA84-1C0B03B2A1C6}.AppStore|iPhone.ActiveCfg = Debug|Any CPU
		{5BC5060E-377A-4057-AA84-1C0B03B2A1C6}.AppStore|iPhone.Build.0 = Debug|Any CPU
		{5BC5060E-377A-4057-AA84-1C0B03B2A1C6}.AppStore|iPhoneSimulator.ActiveCfg = Debug|Any CPU
		{5BC5060E-377A-4057-AA84-1C0B03B2A1C6}.AppStore|iPhoneSimulator.Build.0 = Debug|Any CPU
		{5BC5060E-377A-4057-AA84-1C0B03B2A1C6}.AppStore|x64.ActiveCfg = Debug|Any CPU
		{5BC5060E-377A-4057-AA84-1C0B03B2A1C6}.AppStore|x64.Build.0 = Debug|Any CPU
		{5BC5060E-377A-4057-AA84-1C0B03B2A1C6}.AppStore|x86.ActiveCfg = Debug|Any CPU
		{5BC5060E-377A-4057-AA84-1C0B03B2A1C6}.AppStore|x86.Build.0 = Debug|Any CPU
		{5BC5060E-377A-4057-AA84-1C0B03B2A1C6}.Debug|Any CPU.ActiveCfg = Debug|Any CPU
		{5BC5060E-377A-4057-AA84-1C0B03B2A1C6}.Debug|Any CPU.Build.0 = Debug|Any CPU
		{5BC5060E-377A-4057-AA84-1C0B03B2A1C6}.Debug|ARM.ActiveCfg = Debug|Any CPU
		{5BC5060E-377A-4057-AA84-1C0B03B2A1C6}.Debug|ARM.Build.0 = Debug|Any CPU
		{5BC5060E-377A-4057-AA84-1C0B03B2A1C6}.Debug|ARM64.ActiveCfg = Debug|Any CPU
		{5BC5060E-377A-4057-AA84-1C0B03B2A1C6}.Debug|ARM64.Build.0 = Debug|Any CPU
		{5BC5060E-377A-4057-AA84-1C0B03B2A1C6}.Debug|iPhone.ActiveCfg = Debug|Any CPU
		{5BC5060E-377A-4057-AA84-1C0B03B2A1C6}.Debug|iPhone.Build.0 = Debug|Any CPU
		{5BC5060E-377A-4057-AA84-1C0B03B2A1C6}.Debug|iPhoneSimulator.ActiveCfg = Debug|Any CPU
		{5BC5060E-377A-4057-AA84-1C0B03B2A1C6}.Debug|iPhoneSimulator.Build.0 = Debug|Any CPU
		{5BC5060E-377A-4057-AA84-1C0B03B2A1C6}.Debug|x64.ActiveCfg = Debug|Any CPU
		{5BC5060E-377A-4057-AA84-1C0B03B2A1C6}.Debug|x64.Build.0 = Debug|Any CPU
		{5BC5060E-377A-4057-AA84-1C0B03B2A1C6}.Debug|x86.ActiveCfg = Debug|Any CPU
		{5BC5060E-377A-4057-AA84-1C0B03B2A1C6}.Debug|x86.Build.0 = Debug|Any CPU
		{5BC5060E-377A-4057-AA84-1C0B03B2A1C6}.Release|Any CPU.ActiveCfg = Release|Any CPU
		{5BC5060E-377A-4057-AA84-1C0B03B2A1C6}.Release|Any CPU.Build.0 = Release|Any CPU
		{5BC5060E-377A-4057-AA84-1C0B03B2A1C6}.Release|ARM.ActiveCfg = Release|Any CPU
		{5BC5060E-377A-4057-AA84-1C0B03B2A1C6}.Release|ARM.Build.0 = Release|Any CPU
		{5BC5060E-377A-4057-AA84-1C0B03B2A1C6}.Release|ARM64.ActiveCfg = Release|Any CPU
		{5BC5060E-377A-4057-AA84-1C0B03B2A1C6}.Release|ARM64.Build.0 = Release|Any CPU
		{5BC5060E-377A-4057-AA84-1C0B03B2A1C6}.Release|iPhone.ActiveCfg = Release|Any CPU
		{5BC5060E-377A-4057-AA84-1C0B03B2A1C6}.Release|iPhone.Build.0 = Release|Any CPU
		{5BC5060E-377A-4057-AA84-1C0B03B2A1C6}.Release|iPhoneSimulator.ActiveCfg = Release|Any CPU
		{5BC5060E-377A-4057-AA84-1C0B03B2A1C6}.Release|iPhoneSimulator.Build.0 = Release|Any CPU
		{5BC5060E-377A-4057-AA84-1C0B03B2A1C6}.Release|x64.ActiveCfg = Release|Any CPU
		{5BC5060E-377A-4057-AA84-1C0B03B2A1C6}.Release|x64.Build.0 = Release|Any CPU
		{5BC5060E-377A-4057-AA84-1C0B03B2A1C6}.Release|x86.ActiveCfg = Release|Any CPU
		{5BC5060E-377A-4057-AA84-1C0B03B2A1C6}.Release|x86.Build.0 = Release|Any CPU
	EndGlobalSection
	GlobalSection(SolutionProperties) = preSolution
		HideSolutionNode = FALSE
	EndGlobalSection
	GlobalSection(NestedProjects) = preSolution
		{A972E04D-6F3F-4E64-9CC3-B89733F6972A} = {0E522519-7D1E-48E2-8165-7C6512B2BEAD}
		{4D9187A4-0A3C-4B4B-89A2-0A9DFDC71BBC} = {0E522519-7D1E-48E2-8165-7C6512B2BEAD}
	EndGlobalSection
	GlobalSection(ExtensibilityGlobals) = postSolution
		SolutionGuid = {71E602BF-949A-4CAD-8B7B-98E9890FD2B1}
	EndGlobalSection
EndGlobal
