
Microsoft Visual Studio Solution File, Format Version 12.00
# Visual Studio Version 17
VisualStudioVersion = 17.1.32210.238
MinimumVisualStudioVersion = 10.0.40219.1
Project("{9A19103F-16F7-4668-BE54-9A1E7A4F7556}") = "Scalex.Avalonia.UI", "Scalex.Avalonia.UI\Scalex.Avalonia.UI.csproj", "{EBFA8512-1EA5-4D8C-B4AC-AB5B48A6D568}"
EndProject
Project("{9A19103F-16F7-4668-BE54-9A1E7A4F7556}") = "Scalex.Avalonia.UI.Desktop", "Scalex.Avalonia.UI.Desktop\Scalex.Avalonia.UI.Desktop.csproj", "{ABC31E74-02FF-46EB-B3B2-4E6AE43B456C}"
EndProject
Project("{9A19103F-16F7-4668-BE54-9A1E7A4F7556}") = "Scalex.Avalonia.UI.Web", "Scalex.Avalonia.UI.Web\Scalex.Avalonia.UI.Web.csproj", "{1C1A049E-235C-4CD0-B6FA-D53AC418F4DA}"
EndProject
Project("{9A19103F-16F7-4668-BE54-9A1E7A4F7556}") = "Scalex.Core", "..\..\Core\Scalex.Core.csproj", "{F84933B9-FD95-4C50-92FE-9B3A1681403D}"
EndProject
Project("{9A19103F-16F7-4668-BE54-9A1E7A4F7556}") = "Scalex.Rendering", "..\..\Rendering\Scalex.Rendering.csproj", "{87F0D26C-4E80-444D-AF07-1358B25D4AEF}"
EndProject
Global
	GlobalSection(SolutionConfigurationPlatforms) = preSolution
		Debug|Any CPU = Debug|Any CPU
		Release|Any CPU = Release|Any CPU
	EndGlobalSection
	GlobalSection(ProjectConfigurationPlatforms) = postSolution
		{EBFA8512-1EA5-4D8C-B4AC-AB5B48A6D568}.Debug|Any CPU.ActiveCfg = Debug|Any CPU
		{EBFA8512-1EA5-4D8C-B4AC-AB5B48A6D568}.Debug|Any CPU.Build.0 = Debug|Any CPU
		{EBFA8512-1EA5-4D8C-B4AC-AB5B48A6D568}.Release|Any CPU.ActiveCfg = Release|Any CPU
		{EBFA8512-1EA5-4D8C-B4AC-AB5B48A6D568}.Release|Any CPU.Build.0 = Release|Any CPU
		{ABC31E74-02FF-46EB-B3B2-4E6AE43B456C}.Debug|Any CPU.ActiveCfg = Debug|Any CPU
		{ABC31E74-02FF-46EB-B3B2-4E6AE43B456C}.Debug|Any CPU.Build.0 = Debug|Any CPU
		{ABC31E74-02FF-46EB-B3B2-4E6AE43B456C}.Release|Any CPU.ActiveCfg = Release|Any CPU
		{ABC31E74-02FF-46EB-B3B2-4E6AE43B456C}.Release|Any CPU.Build.0 = Release|Any CPU
		{1C1A049E-235C-4CD0-B6FA-D53AC418F4DA}.Debug|Any CPU.ActiveCfg = Debug|Any CPU
		{1C1A049E-235C-4CD0-B6FA-D53AC418F4DA}.Debug|Any CPU.Build.0 = Debug|Any CPU
		{1C1A049E-235C-4CD0-B6FA-D53AC418F4DA}.Release|Any CPU.ActiveCfg = Release|Any CPU
		{1C1A049E-235C-4CD0-B6FA-D53AC418F4DA}.Release|Any CPU.Build.0 = Release|Any CPU
		{F84933B9-FD95-4C50-92FE-9B3A1681403D}.Debug|Any CPU.ActiveCfg = Debug|Any CPU
		{F84933B9-FD95-4C50-92FE-9B3A1681403D}.Debug|Any CPU.Build.0 = Debug|Any CPU
		{F84933B9-FD95-4C50-92FE-9B3A1681403D}.Release|Any CPU.ActiveCfg = Release|Any CPU
		{F84933B9-FD95-4C50-92FE-9B3A1681403D}.Release|Any CPU.Build.0 = Release|Any CPU
		{87F0D26C-4E80-444D-AF07-1358B25D4AEF}.Debug|Any CPU.ActiveCfg = Debug|Any CPU
		{87F0D26C-4E80-444D-AF07-1358B25D4AEF}.Debug|Any CPU.Build.0 = Debug|Any CPU
		{87F0D26C-4E80-444D-AF07-1358B25D4AEF}.Release|Any CPU.ActiveCfg = Release|Any CPU
		{87F0D26C-4E80-444D-AF07-1358B25D4AEF}.Release|Any CPU.Build.0 = Release|Any CPU
	EndGlobalSection
	GlobalSection(SolutionProperties) = preSolution
		HideSolutionNode = FALSE
	EndGlobalSection
	GlobalSection(ExtensibilityGlobals) = postSolution
		SolutionGuid = {7D8CDC57-4C0C-46B5-9595-6C56F8032E60}
	EndGlobalSection
EndGlobal
