
Microsoft Visual Studio Solution File, Format Version 12.00
# Visual Studio 15
VisualStudioVersion = 15.0.27130.2010
MinimumVisualStudioVersion = 10.0.40219.1
Project("{D954291E-2A0B-460D-934E-DC6B0785DB48}") = "Scalex", "Scalex\Scalex\Scalex.shproj", "{C2DC3C3E-67E8-4773-A56C-DF5377DE2D68}"
EndProject
Project("{FAE04EC0-301F-11D3-BF4B-00C04F79EFBC}") = "Scalex.Android", "Scalex\Scalex.Android\Scalex.Android.csproj", "{13BD1874-159E-49A4-AB93-94BE2A4F6CC8}"
EndProject
Project("{FAE04EC0-301F-11D3-BF4B-00C04F79EFBC}") = "Scalex.iOS", "Scalex\Scalex.iOS\Scalex.iOS.csproj", "{6A723C52-5562-4D8A-B694-5F4E04BBD9F2}"
EndProject
Project("{FAE04EC0-301F-11D3-BF4B-00C04F79EFBC}") = "Scalex.UWP", "Scalex\Scalex.UWP\Scalex.UWP.csproj", "{CA2157E4-EC0E-4CC9-92B3-483E8AFCF52C}"
EndProject
Project("{9A19103F-16F7-4668-BE54-9A1E7A4F7556}") = "Scalex.Core", "..\..\Core\Scalex.Core.csproj", "{409141D6-2ABA-4477-8FBB-013A80521DA5}"
EndProject
Project("{9A19103F-16F7-4668-BE54-9A1E7A4F7556}") = "Scalex.Rendering", "..\..\Rendering\Scalex.Rendering.csproj", "{948B7852-DB15-4602-9D0A-D22CAC007C49}"
EndProject
Project("{FAE04EC0-301F-11D3-BF4B-00C04F79EFBC}") = "Scalex.Mac", "Scalex\Scalex.Mac\Scalex.Mac.csproj", "{BBA770BC-32CA-4AF4-A101-05E2F44CB656}"
EndProject
Global
	GlobalSection(SharedMSBuildProjectFiles) = preSolution
		Scalex\Scalex\Xamarin.projitems*{13bd1874-159e-49a4-ab93-94be2a4f6cc8}*SharedItemsImports = 4
		Scalex\Scalex\Xamarin.projitems*{6a723c52-5562-4d8a-b694-5f4e04bbd9f2}*SharedItemsImports = 4
		Scalex\Scalex\Xamarin.projitems*{bba770bc-32ca-4af4-a101-05e2f44cb656}*SharedItemsImports = 4
		Scalex\Scalex\Xamarin.projitems*{c2dc3c3e-67e8-4773-a56c-df5377de2d68}*SharedItemsImports = 13
		Scalex\Scalex\Xamarin.projitems*{ca2157e4-ec0e-4cc9-92b3-483e8afcf52c}*SharedItemsImports = 4
	EndGlobalSection
	GlobalSection(SolutionConfigurationPlatforms) = preSolution
		Debug|Any CPU = Debug|Any CPU
		Debug|ARM = Debug|ARM
		Debug|iPhone = Debug|iPhone
		Debug|iPhoneSimulator = Debug|iPhoneSimulator
		Debug|x64 = Debug|x64
		Debug|x86 = Debug|x86
		Release|Any CPU = Release|Any CPU
		Release|ARM = Release|ARM
		Release|iPhone = Release|iPhone
		Release|iPhoneSimulator = Release|iPhoneSimulator
		Release|x64 = Release|x64
		Release|x86 = Release|x86
	EndGlobalSection
	GlobalSection(ProjectConfigurationPlatforms) = postSolution
		{13BD1874-159E-49A4-AB93-94BE2A4F6CC8}.Debug|Any CPU.ActiveCfg = Debug|Any CPU
		{13BD1874-159E-49A4-AB93-94BE2A4F6CC8}.Debug|Any CPU.Deploy.0 = Debug|Any CPU
		{13BD1874-159E-49A4-AB93-94BE2A4F6CC8}.Debug|ARM.ActiveCfg = Debug|Any CPU
		{13BD1874-159E-49A4-AB93-94BE2A4F6CC8}.Debug|ARM.Build.0 = Debug|Any CPU
		{13BD1874-159E-49A4-AB93-94BE2A4F6CC8}.Debug|ARM.Deploy.0 = Debug|Any CPU
		{13BD1874-159E-49A4-AB93-94BE2A4F6CC8}.Debug|iPhone.ActiveCfg = Debug|Any CPU
		{13BD1874-159E-49A4-AB93-94BE2A4F6CC8}.Debug|iPhone.Deploy.0 = Debug|Any CPU
		{13BD1874-159E-49A4-AB93-94BE2A4F6CC8}.Debug|iPhoneSimulator.ActiveCfg = Debug|Any CPU
		{13BD1874-159E-49A4-AB93-94BE2A4F6CC8}.Debug|iPhoneSimulator.Build.0 = Debug|Any CPU
		{13BD1874-159E-49A4-AB93-94BE2A4F6CC8}.Debug|iPhoneSimulator.Deploy.0 = Debug|Any CPU
		{13BD1874-159E-49A4-AB93-94BE2A4F6CC8}.Debug|x64.ActiveCfg = Debug|Any CPU
		{13BD1874-159E-49A4-AB93-94BE2A4F6CC8}.Debug|x64.Build.0 = Debug|Any CPU
		{13BD1874-159E-49A4-AB93-94BE2A4F6CC8}.Debug|x64.Deploy.0 = Debug|Any CPU
		{13BD1874-159E-49A4-AB93-94BE2A4F6CC8}.Debug|x86.ActiveCfg = Debug|Any CPU
		{13BD1874-159E-49A4-AB93-94BE2A4F6CC8}.Debug|x86.Build.0 = Debug|Any CPU
		{13BD1874-159E-49A4-AB93-94BE2A4F6CC8}.Debug|x86.Deploy.0 = Debug|Any CPU
		{13BD1874-159E-49A4-AB93-94BE2A4F6CC8}.Release|Any CPU.ActiveCfg = Release|Any CPU
		{13BD1874-159E-49A4-AB93-94BE2A4F6CC8}.Release|Any CPU.Build.0 = Release|Any CPU
		{13BD1874-159E-49A4-AB93-94BE2A4F6CC8}.Release|Any CPU.Deploy.0 = Release|Any CPU
		{13BD1874-159E-49A4-AB93-94BE2A4F6CC8}.Release|ARM.ActiveCfg = Release|Any CPU
		{13BD1874-159E-49A4-AB93-94BE2A4F6CC8}.Release|ARM.Build.0 = Release|Any CPU
		{13BD1874-159E-49A4-AB93-94BE2A4F6CC8}.Release|ARM.Deploy.0 = Release|Any CPU
		{13BD1874-159E-49A4-AB93-94BE2A4F6CC8}.Release|iPhone.ActiveCfg = Release|Any CPU
		{13BD1874-159E-49A4-AB93-94BE2A4F6CC8}.Release|iPhone.Build.0 = Release|Any CPU
		{13BD1874-159E-49A4-AB93-94BE2A4F6CC8}.Release|iPhone.Deploy.0 = Release|Any CPU
		{13BD1874-159E-49A4-AB93-94BE2A4F6CC8}.Release|iPhoneSimulator.ActiveCfg = Release|Any CPU
		{13BD1874-159E-49A4-AB93-94BE2A4F6CC8}.Release|iPhoneSimulator.Build.0 = Release|Any CPU
		{13BD1874-159E-49A4-AB93-94BE2A4F6CC8}.Release|iPhoneSimulator.Deploy.0 = Release|Any CPU
		{13BD1874-159E-49A4-AB93-94BE2A4F6CC8}.Release|x64.ActiveCfg = Release|Any CPU
		{13BD1874-159E-49A4-AB93-94BE2A4F6CC8}.Release|x64.Build.0 = Release|Any CPU
		{13BD1874-159E-49A4-AB93-94BE2A4F6CC8}.Release|x64.Deploy.0 = Release|Any CPU
		{13BD1874-159E-49A4-AB93-94BE2A4F6CC8}.Release|x86.ActiveCfg = Release|Any CPU
		{13BD1874-159E-49A4-AB93-94BE2A4F6CC8}.Release|x86.Build.0 = Release|Any CPU
		{13BD1874-159E-49A4-AB93-94BE2A4F6CC8}.Release|x86.Deploy.0 = Release|Any CPU
		{6A723C52-5562-4D8A-B694-5F4E04BBD9F2}.Debug|Any CPU.ActiveCfg = Debug|iPhone
		{6A723C52-5562-4D8A-B694-5F4E04BBD9F2}.Debug|Any CPU.Build.0 = Debug|iPhone
		{6A723C52-5562-4D8A-B694-5F4E04BBD9F2}.Debug|ARM.ActiveCfg = Debug|iPhone
		{6A723C52-5562-4D8A-B694-5F4E04BBD9F2}.Debug|iPhone.ActiveCfg = Debug|iPhone
		{6A723C52-5562-4D8A-B694-5F4E04BBD9F2}.Debug|iPhoneSimulator.ActiveCfg = Debug|iPhoneSimulator
		{6A723C52-5562-4D8A-B694-5F4E04BBD9F2}.Debug|iPhoneSimulator.Build.0 = Debug|iPhoneSimulator
		{6A723C52-5562-4D8A-B694-5F4E04BBD9F2}.Debug|x64.ActiveCfg = Debug|iPhone
		{6A723C52-5562-4D8A-B694-5F4E04BBD9F2}.Debug|x86.ActiveCfg = Debug|iPhone
		{6A723C52-5562-4D8A-B694-5F4E04BBD9F2}.Debug|x86.Build.0 = Debug|iPhone
		{6A723C52-5562-4D8A-B694-5F4E04BBD9F2}.Release|Any CPU.ActiveCfg = Release|iPhone
		{6A723C52-5562-4D8A-B694-5F4E04BBD9F2}.Release|ARM.ActiveCfg = Release|iPhone
		{6A723C52-5562-4D8A-B694-5F4E04BBD9F2}.Release|iPhone.ActiveCfg = Release|iPhone
		{6A723C52-5562-4D8A-B694-5F4E04BBD9F2}.Release|iPhone.Build.0 = Release|iPhone
		{6A723C52-5562-4D8A-B694-5F4E04BBD9F2}.Release|iPhoneSimulator.ActiveCfg = Release|iPhoneSimulator
		{6A723C52-5562-4D8A-B694-5F4E04BBD9F2}.Release|iPhoneSimulator.Build.0 = Release|iPhoneSimulator
		{6A723C52-5562-4D8A-B694-5F4E04BBD9F2}.Release|x64.ActiveCfg = Release|iPhone
		{6A723C52-5562-4D8A-B694-5F4E04BBD9F2}.Release|x86.ActiveCfg = Release|iPhone
		{CA2157E4-EC0E-4CC9-92B3-483E8AFCF52C}.Debug|Any CPU.ActiveCfg = Debug|x86
		{CA2157E4-EC0E-4CC9-92B3-483E8AFCF52C}.Debug|ARM.ActiveCfg = Debug|ARM
		{CA2157E4-EC0E-4CC9-92B3-483E8AFCF52C}.Debug|ARM.Build.0 = Debug|ARM
		{CA2157E4-EC0E-4CC9-92B3-483E8AFCF52C}.Debug|ARM.Deploy.0 = Debug|ARM
		{CA2157E4-EC0E-4CC9-92B3-483E8AFCF52C}.Debug|iPhone.ActiveCfg = Debug|x86
		{CA2157E4-EC0E-4CC9-92B3-483E8AFCF52C}.Debug|iPhone.Build.0 = Debug|x86
		{CA2157E4-EC0E-4CC9-92B3-483E8AFCF52C}.Debug|iPhoneSimulator.ActiveCfg = Debug|x86
		{CA2157E4-EC0E-4CC9-92B3-483E8AFCF52C}.Debug|x64.ActiveCfg = Debug|x64
		{CA2157E4-EC0E-4CC9-92B3-483E8AFCF52C}.Debug|x64.Build.0 = Debug|x64
		{CA2157E4-EC0E-4CC9-92B3-483E8AFCF52C}.Debug|x64.Deploy.0 = Debug|x64
		{CA2157E4-EC0E-4CC9-92B3-483E8AFCF52C}.Debug|x86.ActiveCfg = Debug|x86
		{CA2157E4-EC0E-4CC9-92B3-483E8AFCF52C}.Debug|x86.Build.0 = Debug|x86
		{CA2157E4-EC0E-4CC9-92B3-483E8AFCF52C}.Debug|x86.Deploy.0 = Debug|x86
		{CA2157E4-EC0E-4CC9-92B3-483E8AFCF52C}.Release|Any CPU.ActiveCfg = Release|x86
		{CA2157E4-EC0E-4CC9-92B3-483E8AFCF52C}.Release|ARM.ActiveCfg = Release|ARM
		{CA2157E4-EC0E-4CC9-92B3-483E8AFCF52C}.Release|ARM.Build.0 = Release|ARM
		{CA2157E4-EC0E-4CC9-92B3-483E8AFCF52C}.Release|ARM.Deploy.0 = Release|ARM
		{CA2157E4-EC0E-4CC9-92B3-483E8AFCF52C}.Release|iPhone.ActiveCfg = Release|x86
		{CA2157E4-EC0E-4CC9-92B3-483E8AFCF52C}.Release|iPhoneSimulator.ActiveCfg = Release|x86
		{CA2157E4-EC0E-4CC9-92B3-483E8AFCF52C}.Release|x64.ActiveCfg = Release|x64
		{CA2157E4-EC0E-4CC9-92B3-483E8AFCF52C}.Release|x64.Build.0 = Release|x64
		{CA2157E4-EC0E-4CC9-92B3-483E8AFCF52C}.Release|x64.Deploy.0 = Release|x64
		{CA2157E4-EC0E-4CC9-92B3-483E8AFCF52C}.Release|x86.ActiveCfg = Release|x86
		{CA2157E4-EC0E-4CC9-92B3-483E8AFCF52C}.Release|x86.Build.0 = Release|x86
		{CA2157E4-EC0E-4CC9-92B3-483E8AFCF52C}.Release|x86.Deploy.0 = Release|x86
		{409141D6-2ABA-4477-8FBB-013A80521DA5}.Debug|Any CPU.ActiveCfg = Debug|Any CPU
		{409141D6-2ABA-4477-8FBB-013A80521DA5}.Debug|Any CPU.Build.0 = Debug|Any CPU
		{409141D6-2ABA-4477-8FBB-013A80521DA5}.Debug|ARM.ActiveCfg = Debug|Any CPU
		{409141D6-2ABA-4477-8FBB-013A80521DA5}.Debug|ARM.Build.0 = Debug|Any CPU
		{409141D6-2ABA-4477-8FBB-013A80521DA5}.Debug|iPhone.ActiveCfg = Debug|Any CPU
		{409141D6-2ABA-4477-8FBB-013A80521DA5}.Debug|iPhone.Build.0 = Debug|Any CPU
		{409141D6-2ABA-4477-8FBB-013A80521DA5}.Debug|iPhoneSimulator.ActiveCfg = Debug|Any CPU
		{409141D6-2ABA-4477-8FBB-013A80521DA5}.Debug|iPhoneSimulator.Build.0 = Debug|Any CPU
		{409141D6-2ABA-4477-8FBB-013A80521DA5}.Debug|x64.ActiveCfg = Debug|Any CPU
		{409141D6-2ABA-4477-8FBB-013A80521DA5}.Debug|x64.Build.0 = Debug|Any CPU
		{409141D6-2ABA-4477-8FBB-013A80521DA5}.Debug|x86.ActiveCfg = Debug|Any CPU
		{409141D6-2ABA-4477-8FBB-013A80521DA5}.Debug|x86.Build.0 = Debug|Any CPU
		{409141D6-2ABA-4477-8FBB-013A80521DA5}.Release|Any CPU.ActiveCfg = Release|Any CPU
		{409141D6-2ABA-4477-8FBB-013A80521DA5}.Release|Any CPU.Build.0 = Release|Any CPU
		{409141D6-2ABA-4477-8FBB-013A80521DA5}.Release|ARM.ActiveCfg = Release|Any CPU
		{409141D6-2ABA-4477-8FBB-013A80521DA5}.Release|ARM.Build.0 = Release|Any CPU
		{409141D6-2ABA-4477-8FBB-013A80521DA5}.Release|iPhone.ActiveCfg = Release|Any CPU
		{409141D6-2ABA-4477-8FBB-013A80521DA5}.Release|iPhone.Build.0 = Release|Any CPU
		{409141D6-2ABA-4477-8FBB-013A80521DA5}.Release|iPhoneSimulator.ActiveCfg = Release|Any CPU
		{409141D6-2ABA-4477-8FBB-013A80521DA5}.Release|iPhoneSimulator.Build.0 = Release|Any CPU
		{409141D6-2ABA-4477-8FBB-013A80521DA5}.Release|x64.ActiveCfg = Release|Any CPU
		{409141D6-2ABA-4477-8FBB-013A80521DA5}.Release|x64.Build.0 = Release|Any CPU
		{409141D6-2ABA-4477-8FBB-013A80521DA5}.Release|x86.ActiveCfg = Release|Any CPU
		{409141D6-2ABA-4477-8FBB-013A80521DA5}.Release|x86.Build.0 = Release|Any CPU
		{948B7852-DB15-4602-9D0A-D22CAC007C49}.Debug|Any CPU.ActiveCfg = Debug|Any CPU
		{948B7852-DB15-4602-9D0A-D22CAC007C49}.Debug|Any CPU.Build.0 = Debug|Any CPU
		{948B7852-DB15-4602-9D0A-D22CAC007C49}.Debug|ARM.ActiveCfg = Debug|Any CPU
		{948B7852-DB15-4602-9D0A-D22CAC007C49}.Debug|ARM.Build.0 = Debug|Any CPU
		{948B7852-DB15-4602-9D0A-D22CAC007C49}.Debug|iPhone.ActiveCfg = Debug|Any CPU
		{948B7852-DB15-4602-9D0A-D22CAC007C49}.Debug|iPhone.Build.0 = Debug|Any CPU
		{948B7852-DB15-4602-9D0A-D22CAC007C49}.Debug|iPhoneSimulator.ActiveCfg = Debug|Any CPU
		{948B7852-DB15-4602-9D0A-D22CAC007C49}.Debug|iPhoneSimulator.Build.0 = Debug|Any CPU
		{948B7852-DB15-4602-9D0A-D22CAC007C49}.Debug|x64.ActiveCfg = Debug|Any CPU
		{948B7852-DB15-4602-9D0A-D22CAC007C49}.Debug|x64.Build.0 = Debug|Any CPU
		{948B7852-DB15-4602-9D0A-D22CAC007C49}.Debug|x86.ActiveCfg = Debug|Any CPU
		{948B7852-DB15-4602-9D0A-D22CAC007C49}.Debug|x86.Build.0 = Debug|Any CPU
		{948B7852-DB15-4602-9D0A-D22CAC007C49}.Release|Any CPU.ActiveCfg = Release|Any CPU
		{948B7852-DB15-4602-9D0A-D22CAC007C49}.Release|Any CPU.Build.0 = Release|Any CPU
		{948B7852-DB15-4602-9D0A-D22CAC007C49}.Release|ARM.ActiveCfg = Release|Any CPU
		{948B7852-DB15-4602-9D0A-D22CAC007C49}.Release|ARM.Build.0 = Release|Any CPU
		{948B7852-DB15-4602-9D0A-D22CAC007C49}.Release|iPhone.ActiveCfg = Release|Any CPU
		{948B7852-DB15-4602-9D0A-D22CAC007C49}.Release|iPhone.Build.0 = Release|Any CPU
		{948B7852-DB15-4602-9D0A-D22CAC007C49}.Release|iPhoneSimulator.ActiveCfg = Release|Any CPU
		{948B7852-DB15-4602-9D0A-D22CAC007C49}.Release|iPhoneSimulator.Build.0 = Release|Any CPU
		{948B7852-DB15-4602-9D0A-D22CAC007C49}.Release|x64.ActiveCfg = Release|Any CPU
		{948B7852-DB15-4602-9D0A-D22CAC007C49}.Release|x64.Build.0 = Release|Any CPU
		{948B7852-DB15-4602-9D0A-D22CAC007C49}.Release|x86.ActiveCfg = Release|Any CPU
		{948B7852-DB15-4602-9D0A-D22CAC007C49}.Release|x86.Build.0 = Release|Any CPU
		{BBA770BC-32CA-4AF4-A101-05E2F44CB656}.Debug|Any CPU.ActiveCfg = Debug|iPhoneSimulator
		{BBA770BC-32CA-4AF4-A101-05E2F44CB656}.Debug|Any CPU.Build.0 = Debug|iPhoneSimulator
		{BBA770BC-32CA-4AF4-A101-05E2F44CB656}.Debug|ARM.ActiveCfg = Debug|iPhoneSimulator
		{BBA770BC-32CA-4AF4-A101-05E2F44CB656}.Debug|ARM.Build.0 = Debug|iPhoneSimulator
		{BBA770BC-32CA-4AF4-A101-05E2F44CB656}.Debug|iPhone.ActiveCfg = Debug|iPhoneSimulator
		{BBA770BC-32CA-4AF4-A101-05E2F44CB656}.Debug|iPhone.Build.0 = Debug|iPhoneSimulator
		{BBA770BC-32CA-4AF4-A101-05E2F44CB656}.Debug|iPhoneSimulator.ActiveCfg = Debug|iPhoneSimulator
		{BBA770BC-32CA-4AF4-A101-05E2F44CB656}.Debug|iPhoneSimulator.Build.0 = Debug|iPhoneSimulator
		{BBA770BC-32CA-4AF4-A101-05E2F44CB656}.Debug|x64.ActiveCfg = Debug|iPhoneSimulator
		{BBA770BC-32CA-4AF4-A101-05E2F44CB656}.Debug|x64.Build.0 = Debug|iPhoneSimulator
		{BBA770BC-32CA-4AF4-A101-05E2F44CB656}.Debug|x86.ActiveCfg = Debug|iPhoneSimulator
		{BBA770BC-32CA-4AF4-A101-05E2F44CB656}.Debug|x86.Build.0 = Debug|iPhoneSimulator
		{BBA770BC-32CA-4AF4-A101-05E2F44CB656}.Release|Any CPU.ActiveCfg = Release|iPhoneSimulator
		{BBA770BC-32CA-4AF4-A101-05E2F44CB656}.Release|Any CPU.Build.0 = Release|iPhoneSimulator
		{BBA770BC-32CA-4AF4-A101-05E2F44CB656}.Release|ARM.ActiveCfg = Release|iPhoneSimulator
		{BBA770BC-32CA-4AF4-A101-05E2F44CB656}.Release|ARM.Build.0 = Release|iPhoneSimulator
		{BBA770BC-32CA-4AF4-A101-05E2F44CB656}.Release|iPhone.ActiveCfg = Release|iPhoneSimulator
		{BBA770BC-32CA-4AF4-A101-05E2F44CB656}.Release|iPhone.Build.0 = Release|iPhoneSimulator
		{BBA770BC-32CA-4AF4-A101-05E2F44CB656}.Release|iPhoneSimulator.ActiveCfg = Release|iPhoneSimulator
		{BBA770BC-32CA-4AF4-A101-05E2F44CB656}.Release|iPhoneSimulator.Build.0 = Release|iPhoneSimulator
		{BBA770BC-32CA-4AF4-A101-05E2F44CB656}.Release|x64.ActiveCfg = Release|iPhoneSimulator
		{BBA770BC-32CA-4AF4-A101-05E2F44CB656}.Release|x64.Build.0 = Release|iPhoneSimulator
		{BBA770BC-32CA-4AF4-A101-05E2F44CB656}.Release|x86.ActiveCfg = Release|iPhoneSimulator
		{BBA770BC-32CA-4AF4-A101-05E2F44CB656}.Release|x86.Build.0 = Release|iPhoneSimulator
	EndGlobalSection
	GlobalSection(SolutionProperties) = preSolution
		HideSolutionNode = FALSE
	EndGlobalSection
	GlobalSection(ExtensibilityGlobals) = postSolution
		SolutionGuid = {7E22E2D5-8091-4F43-80EE-7AD3C7D943E4}
	EndGlobalSection
EndGlobal
