Microsoft Visual Studio Solution File, Format Version 12.00
# Visual Studio Version 17
VisualStudioVersion = 17.8.34004.107
MinimumVisualStudioVersion = 10.0.40219.1
Project("{D954291E-2A0B-460D-934E-DC6B0785DB48}") = "Scalex", "Scalex\Scalex\Scalex.shproj", "{C2DC3C3E-67E8-4773-A56C-DF5377DE2D68}"
EndProject
Project("{9A19103F-16F7-4668-BE54-9A1E7A4F7556}") = "Scalex.iOS", "Scalex\Scalex.iOS\Scalex.iOS.csproj", "{6A723C52-5562-4D8A-B694-5F4E04BBD9F2}"
EndProject
Project("{9A19103F-16F7-4668-BE54-9A1E7A4F7556}") = "Scalex.Core", "..\..\Core\Scalex.Core.csproj", "{409141D6-2ABA-4477-8FBB-013A80521DA5}"
EndProject
Project("{9A19103F-16F7-4668-BE54-9A1E7A4F7556}") = "Scalex.Rendering", "..\..\Rendering\Scalex.Rendering.csproj", "{948B7852-DB15-4602-9D0A-D22CAC007C49}"
EndProject
Project("{FAE04EC0-301F-11D3-BF4B-00C04F79EFBC}") = "Scalex.Mac", "Scalex\Scalex.Mac\Scalex.Mac.csproj", "{BBA770BC-32CA-4AF4-A101-05E2F44CB656}"
EndProject
Project("{2150E333-8FDC-42A3-9474-1A3956D46DE8}") = "Platforms", "Platforms", "{B895B8B8-D5D2-49BA-A097-E73073625BC1}"
EndProject
Project("{2150E333-8FDC-42A3-9474-1A3956D46DE8}") = "Docs", "Docs", "{0121CF1E-7843-448F-8850-6E28D267A72F}"
	ProjectSection(SolutionItems) = preProject
		..\..\..\README.md = ..\..\..\README.md
	EndProjectSection
EndProject
Project("{9A19103F-16F7-4668-BE54-9A1E7A4F7556}") = "Scalex.Android", "Scalex\Scalex.Droid\Scalex.Droid.Android\Scalex.Android.csproj", "{CF8ABCE4-EFD2-4D4F-A96A-64608AC4ADFE}"
EndProject
Global
	GlobalSection(SolutionConfigurationPlatforms) = preSolution
		Debug|Any CPU = Debug|Any CPU
		Debug|ARM = Debug|ARM
		Debug|iPhone = Debug|iPhone
		Debug|iPhoneSimulator = Debug|iPhoneSimulator
		Debug|x64 = Debug|x64
		Debug|x86 = Debug|x86
		Release|Any CPU = Release|Any CPU
		Release|ARM = Release|ARM
		Release|iPhone = Release|iPhone
		Release|iPhoneSimulator = Release|iPhoneSimulator
		Release|x64 = Release|x64
		Release|x86 = Release|x86
	EndGlobalSection
	GlobalSection(ProjectConfigurationPlatforms) = postSolution
		{6A723C52-5562-4D8A-B694-5F4E04BBD9F2}.Debug|Any CPU.ActiveCfg = Debug|iPhone
		{6A723C52-5562-4D8A-B694-5F4E04BBD9F2}.Debug|Any CPU.Build.0 = Debug|iPhone
		{6A723C52-5562-4D8A-B694-5F4E04BBD9F2}.Debug|ARM.ActiveCfg = Debug|iPhone
		{6A723C52-5562-4D8A-B694-5F4E04BBD9F2}.Debug|iPhone.ActiveCfg = Debug|iPhone
		{6A723C52-5562-4D8A-B694-5F4E04BBD9F2}.Debug|iPhone.Build.0 = Debug|iPhone
		{6A723C52-5562-4D8A-B694-5F4E04BBD9F2}.Debug|iPhoneSimulator.ActiveCfg = Debug|iPhoneSimulator
		{6A723C52-5562-4D8A-B694-5F4E04BBD9F2}.Debug|iPhoneSimulator.Build.0 = Debug|iPhoneSimulator
		{6A723C52-5562-4D8A-B694-5F4E04BBD9F2}.Debug|x64.ActiveCfg = Debug|iPhone
		{6A723C52-5562-4D8A-B694-5F4E04BBD9F2}.Debug|x86.ActiveCfg = Debug|iPhone
		{6A723C52-5562-4D8A-B694-5F4E04BBD9F2}.Debug|x86.Build.0 = Debug|iPhone
		{6A723C52-5562-4D8A-B694-5F4E04BBD9F2}.Release|Any CPU.ActiveCfg = Release|iPhone
		{6A723C52-5562-4D8A-B694-5F4E04BBD9F2}.Release|ARM.ActiveCfg = Release|iPhone
		{6A723C52-5562-4D8A-B694-5F4E04BBD9F2}.Release|iPhone.ActiveCfg = Release|iPhone
		{6A723C52-5562-4D8A-B694-5F4E04BBD9F2}.Release|iPhone.Build.0 = Release|iPhone
		{6A723C52-5562-4D8A-B694-5F4E04BBD9F2}.Release|iPhoneSimulator.ActiveCfg = Release|iPhoneSimulator
		{6A723C52-5562-4D8A-B694-5F4E04BBD9F2}.Release|iPhoneSimulator.Build.0 = Release|iPhoneSimulator
		{6A723C52-5562-4D8A-B694-5F4E04BBD9F2}.Release|x64.ActiveCfg = Release|iPhone
		{6A723C52-5562-4D8A-B694-5F4E04BBD9F2}.Release|x86.ActiveCfg = Release|iPhone
		{409141D6-2ABA-4477-8FBB-013A80521DA5}.Debug|Any CPU.ActiveCfg = Debug|Any CPU
		{409141D6-2ABA-4477-8FBB-013A80521DA5}.Debug|Any CPU.Build.0 = Debug|Any CPU
		{409141D6-2ABA-4477-8FBB-013A80521DA5}.Debug|ARM.ActiveCfg = Debug|Any CPU
		{409141D6-2ABA-4477-8FBB-013A80521DA5}.Debug|ARM.Build.0 = Debug|Any CPU
		{409141D6-2ABA-4477-8FBB-013A80521DA5}.Debug|iPhone.ActiveCfg = Debug|Any CPU
		{409141D6-2ABA-4477-8FBB-013A80521DA5}.Debug|iPhone.Build.0 = Debug|Any CPU
		{409141D6-2ABA-4477-8FBB-013A80521DA5}.Debug|iPhoneSimulator.ActiveCfg = Debug|Any CPU
		{409141D6-2ABA-4477-8FBB-013A80521DA5}.Debug|iPhoneSimulator.Build.0 = Debug|Any CPU
		{409141D6-2ABA-4477-8FBB-013A80521DA5}.Debug|x64.ActiveCfg = Debug|Any CPU
		{409141D6-2ABA-4477-8FBB-013A80521DA5}.Debug|x64.Build.0 = Debug|Any CPU
		{409141D6-2ABA-4477-8FBB-013A80521DA5}.Debug|x86.ActiveCfg = Debug|Any CPU
		{409141D6-2ABA-4477-8FBB-013A80521DA5}.Debug|x86.Build.0 = Debug|Any CPU
		{409141D6-2ABA-4477-8FBB-013A80521DA5}.Release|Any CPU.ActiveCfg = Release|Any CPU
		{409141D6-2ABA-4477-8FBB-013A80521DA5}.Release|Any CPU.Build.0 = Release|Any CPU
		{409141D6-2ABA-4477-8FBB-013A80521DA5}.Release|ARM.ActiveCfg = Release|Any CPU
		{409141D6-2ABA-4477-8FBB-013A80521DA5}.Release|ARM.Build.0 = Release|Any CPU
		{409141D6-2ABA-4477-8FBB-013A80521DA5}.Release|iPhone.ActiveCfg = Release|Any CPU
		{409141D6-2ABA-4477-8FBB-013A80521DA5}.Release|iPhone.Build.0 = Release|Any CPU
		{409141D6-2ABA-4477-8FBB-013A80521DA5}.Release|iPhoneSimulator.ActiveCfg = Release|Any CPU
		{409141D6-2ABA-4477-8FBB-013A80521DA5}.Release|iPhoneSimulator.Build.0 = Release|Any CPU
		{409141D6-2ABA-4477-8FBB-013A80521DA5}.Release|x64.ActiveCfg = Release|Any CPU
		{409141D6-2ABA-4477-8FBB-013A80521DA5}.Release|x64.Build.0 = Release|Any CPU
		{409141D6-2ABA-4477-8FBB-013A80521DA5}.Release|x86.ActiveCfg = Release|Any CPU
		{409141D6-2ABA-4477-8FBB-013A80521DA5}.Release|x86.Build.0 = Release|Any CPU
		{948B7852-DB15-4602-9D0A-D22CAC007C49}.Debug|Any CPU.ActiveCfg = Debug|Any CPU
		{948B7852-DB15-4602-9D0A-D22CAC007C49}.Debug|Any CPU.Build.0 = Debug|Any CPU
		{948B7852-DB15-4602-9D0A-D22CAC007C49}.Debug|ARM.ActiveCfg = Debug|Any CPU
		{948B7852-DB15-4602-9D0A-D22CAC007C49}.Debug|ARM.Build.0 = Debug|Any CPU
		{948B7852-DB15-4602-9D0A-D22CAC007C49}.Debug|iPhone.ActiveCfg = Debug|Any CPU
		{948B7852-DB15-4602-9D0A-D22CAC007C49}.Debug|iPhone.Build.0 = Debug|Any CPU
		{948B7852-DB15-4602-9D0A-D22CAC007C49}.Debug|iPhoneSimulator.ActiveCfg = Debug|Any CPU
		{948B7852-DB15-4602-9D0A-D22CAC007C49}.Debug|iPhoneSimulator.Build.0 = Debug|Any CPU
		{948B7852-DB15-4602-9D0A-D22CAC007C49}.Debug|x64.ActiveCfg = Debug|Any CPU
		{948B7852-DB15-4602-9D0A-D22CAC007C49}.Debug|x64.Build.0 = Debug|Any CPU
		{948B7852-DB15-4602-9D0A-D22CAC007C49}.Debug|x86.ActiveCfg = Debug|Any CPU
		{948B7852-DB15-4602-9D0A-D22CAC007C49}.Debug|x86.Build.0 = Debug|Any CPU
		{948B7852-DB15-4602-9D0A-D22CAC007C49}.Release|Any CPU.ActiveCfg = Release|Any CPU
		{948B7852-DB15-4602-9D0A-D22CAC007C49}.Release|Any CPU.Build.0 = Release|Any CPU
		{948B7852-DB15-4602-9D0A-D22CAC007C49}.Release|ARM.ActiveCfg = Release|Any CPU
		{948B7852-DB15-4602-9D0A-D22CAC007C49}.Release|ARM.Build.0 = Release|Any CPU
		{948B7852-DB15-4602-9D0A-D22CAC007C49}.Release|iPhone.ActiveCfg = Release|Any CPU
		{948B7852-DB15-4602-9D0A-D22CAC007C49}.Release|iPhone.Build.0 = Release|Any CPU
		{948B7852-DB15-4602-9D0A-D22CAC007C49}.Release|iPhoneSimulator.ActiveCfg = Release|Any CPU
		{948B7852-DB15-4602-9D0A-D22CAC007C49}.Release|iPhoneSimulator.Build.0 = Release|Any CPU
		{948B7852-DB15-4602-9D0A-D22CAC007C49}.Release|x64.ActiveCfg = Release|Any CPU
		{948B7852-DB15-4602-9D0A-D22CAC007C49}.Release|x64.Build.0 = Release|Any CPU
		{948B7852-DB15-4602-9D0A-D22CAC007C49}.Release|x86.ActiveCfg = Release|Any CPU
		{948B7852-DB15-4602-9D0A-D22CAC007C49}.Release|x86.Build.0 = Release|Any CPU
		{BBA770BC-32CA-4AF4-A101-05E2F44CB656}.Debug|Any CPU.ActiveCfg = Debug|iPhoneSimulator
		{BBA770BC-32CA-4AF4-A101-05E2F44CB656}.Debug|Any CPU.Build.0 = Debug|iPhoneSimulator
		{BBA770BC-32CA-4AF4-A101-05E2F44CB656}.Debug|ARM.ActiveCfg = Debug|iPhoneSimulator
		{BBA770BC-32CA-4AF4-A101-05E2F44CB656}.Debug|ARM.Build.0 = Debug|iPhoneSimulator
		{BBA770BC-32CA-4AF4-A101-05E2F44CB656}.Debug|iPhone.ActiveCfg = Debug|iPhoneSimulator
		{BBA770BC-32CA-4AF4-A101-05E2F44CB656}.Debug|iPhoneSimulator.ActiveCfg = Debug|iPhoneSimulator
		{BBA770BC-32CA-4AF4-A101-05E2F44CB656}.Debug|iPhoneSimulator.Build.0 = Debug|iPhoneSimulator
		{BBA770BC-32CA-4AF4-A101-05E2F44CB656}.Debug|x64.ActiveCfg = Debug|iPhoneSimulator
		{BBA770BC-32CA-4AF4-A101-05E2F44CB656}.Debug|x64.Build.0 = Debug|iPhoneSimulator
		{BBA770BC-32CA-4AF4-A101-05E2F44CB656}.Debug|x86.ActiveCfg = Debug|iPhoneSimulator
		{BBA770BC-32CA-4AF4-A101-05E2F44CB656}.Debug|x86.Build.0 = Debug|iPhoneSimulator
		{BBA770BC-32CA-4AF4-A101-05E2F44CB656}.Release|Any CPU.ActiveCfg = Release|iPhoneSimulator
		{BBA770BC-32CA-4AF4-A101-05E2F44CB656}.Release|Any CPU.Build.0 = Release|iPhoneSimulator
		{BBA770BC-32CA-4AF4-A101-05E2F44CB656}.Release|ARM.ActiveCfg = Release|iPhoneSimulator
		{BBA770BC-32CA-4AF4-A101-05E2F44CB656}.Release|ARM.Build.0 = Release|iPhoneSimulator
		{BBA770BC-32CA-4AF4-A101-05E2F44CB656}.Release|iPhone.ActiveCfg = Release|iPhoneSimulator
		{BBA770BC-32CA-4AF4-A101-05E2F44CB656}.Release|iPhone.Build.0 = Release|iPhoneSimulator
		{BBA770BC-32CA-4AF4-A101-05E2F44CB656}.Release|iPhoneSimulator.ActiveCfg = Release|iPhoneSimulator
		{BBA770BC-32CA-4AF4-A101-05E2F44CB656}.Release|iPhoneSimulator.Build.0 = Release|iPhoneSimulator
		{BBA770BC-32CA-4AF4-A101-05E2F44CB656}.Release|x64.ActiveCfg = Release|iPhoneSimulator
		{BBA770BC-32CA-4AF4-A101-05E2F44CB656}.Release|x64.Build.0 = Release|iPhoneSimulator
		{BBA770BC-32CA-4AF4-A101-05E2F44CB656}.Release|x86.ActiveCfg = Release|iPhoneSimulator
		{BBA770BC-32CA-4AF4-A101-05E2F44CB656}.Release|x86.Build.0 = Release|iPhoneSimulator
		{CF8ABCE4-EFD2-4D4F-A96A-64608AC4ADFE}.Debug|Any CPU.ActiveCfg = Debug|Any CPU
		{CF8ABCE4-EFD2-4D4F-A96A-64608AC4ADFE}.Debug|Any CPU.Build.0 = Debug|Any CPU
		{CF8ABCE4-EFD2-4D4F-A96A-64608AC4ADFE}.Debug|Any CPU.Deploy.0 = Debug|Any CPU
		{CF8ABCE4-EFD2-4D4F-A96A-64608AC4ADFE}.Debug|ARM.ActiveCfg = Debug|Any CPU
		{CF8ABCE4-EFD2-4D4F-A96A-64608AC4ADFE}.Debug|ARM.Build.0 = Debug|Any CPU
		{CF8ABCE4-EFD2-4D4F-A96A-64608AC4ADFE}.Debug|ARM.Deploy.0 = Debug|Any CPU
		{CF8ABCE4-EFD2-4D4F-A96A-64608AC4ADFE}.Debug|iPhone.ActiveCfg = Debug|Any CPU
		{CF8ABCE4-EFD2-4D4F-A96A-64608AC4ADFE}.Debug|iPhone.Build.0 = Debug|Any CPU
		{CF8ABCE4-EFD2-4D4F-A96A-64608AC4ADFE}.Debug|iPhone.Deploy.0 = Debug|Any CPU
		{CF8ABCE4-EFD2-4D4F-A96A-64608AC4ADFE}.Debug|iPhoneSimulator.ActiveCfg = Debug|Any CPU
		{CF8ABCE4-EFD2-4D4F-A96A-64608AC4ADFE}.Debug|iPhoneSimulator.Build.0 = Debug|Any CPU
		{CF8ABCE4-EFD2-4D4F-A96A-64608AC4ADFE}.Debug|iPhoneSimulator.Deploy.0 = Debug|Any CPU
		{CF8ABCE4-EFD2-4D4F-A96A-64608AC4ADFE}.Debug|x64.ActiveCfg = Debug|Any CPU
		{CF8ABCE4-EFD2-4D4F-A96A-64608AC4ADFE}.Debug|x64.Build.0 = Debug|Any CPU
		{CF8ABCE4-EFD2-4D4F-A96A-64608AC4ADFE}.Debug|x64.Deploy.0 = Debug|Any CPU
		{CF8ABCE4-EFD2-4D4F-A96A-64608AC4ADFE}.Debug|x86.ActiveCfg = Debug|Any CPU
		{CF8ABCE4-EFD2-4D4F-A96A-64608AC4ADFE}.Debug|x86.Build.0 = Debug|Any CPU
		{CF8ABCE4-EFD2-4D4F-A96A-64608AC4ADFE}.Debug|x86.Deploy.0 = Debug|Any CPU
		{CF8ABCE4-EFD2-4D4F-A96A-64608AC4ADFE}.Release|Any CPU.ActiveCfg = Release|Any CPU
		{CF8ABCE4-EFD2-4D4F-A96A-64608AC4ADFE}.Release|Any CPU.Build.0 = Release|Any CPU
		{CF8ABCE4-EFD2-4D4F-A96A-64608AC4ADFE}.Release|Any CPU.Deploy.0 = Release|Any CPU
		{CF8ABCE4-EFD2-4D4F-A96A-64608AC4ADFE}.Release|ARM.ActiveCfg = Release|Any CPU
		{CF8ABCE4-EFD2-4D4F-A96A-64608AC4ADFE}.Release|ARM.Build.0 = Release|Any CPU
		{CF8ABCE4-EFD2-4D4F-A96A-64608AC4ADFE}.Release|ARM.Deploy.0 = Release|Any CPU
		{CF8ABCE4-EFD2-4D4F-A96A-64608AC4ADFE}.Release|iPhone.ActiveCfg = Release|Any CPU
		{CF8ABCE4-EFD2-4D4F-A96A-64608AC4ADFE}.Release|iPhone.Build.0 = Release|Any CPU
		{CF8ABCE4-EFD2-4D4F-A96A-64608AC4ADFE}.Release|iPhone.Deploy.0 = Release|Any CPU
		{CF8ABCE4-EFD2-4D4F-A96A-64608AC4ADFE}.Release|iPhoneSimulator.ActiveCfg = Release|Any CPU
		{CF8ABCE4-EFD2-4D4F-A96A-64608AC4ADFE}.Release|iPhoneSimulator.Build.0 = Release|Any CPU
		{CF8ABCE4-EFD2-4D4F-A96A-64608AC4ADFE}.Release|iPhoneSimulator.Deploy.0 = Release|Any CPU
		{CF8ABCE4-EFD2-4D4F-A96A-64608AC4ADFE}.Release|x64.ActiveCfg = Release|Any CPU
		{CF8ABCE4-EFD2-4D4F-A96A-64608AC4ADFE}.Release|x64.Build.0 = Release|Any CPU
		{CF8ABCE4-EFD2-4D4F-A96A-64608AC4ADFE}.Release|x64.Deploy.0 = Release|Any CPU
		{CF8ABCE4-EFD2-4D4F-A96A-64608AC4ADFE}.Release|x86.ActiveCfg = Release|Any CPU
		{CF8ABCE4-EFD2-4D4F-A96A-64608AC4ADFE}.Release|x86.Build.0 = Release|Any CPU
		{CF8ABCE4-EFD2-4D4F-A96A-64608AC4ADFE}.Release|x86.Deploy.0 = Release|Any CPU
	EndGlobalSection
	GlobalSection(SolutionProperties) = preSolution
		HideSolutionNode = FALSE
	EndGlobalSection
	GlobalSection(NestedProjects) = preSolution
		{6A723C52-5562-4D8A-B694-5F4E04BBD9F2} = {B895B8B8-D5D2-49BA-A097-E73073625BC1}
		{BBA770BC-32CA-4AF4-A101-05E2F44CB656} = {B895B8B8-D5D2-49BA-A097-E73073625BC1}
		{CF8ABCE4-EFD2-4D4F-A96A-64608AC4ADFE} = {B895B8B8-D5D2-49BA-A097-E73073625BC1}
	EndGlobalSection
	GlobalSection(ExtensibilityGlobals) = postSolution
		SolutionGuid = {7E22E2D5-8091-4F43-80EE-7AD3C7D943E4}
	EndGlobalSection
	GlobalSection(SharedMSBuildProjectFiles) = preSolution
		Scalex\Scalex\Xamarin.projitems*{6a723c52-5562-4d8a-b694-5f4e04bbd9f2}*SharedItemsImports = 5
		Scalex\Scalex\Xamarin.projitems*{bba770bc-32ca-4af4-a101-05e2f44cb656}*SharedItemsImports = 4
		Scalex\Scalex\Xamarin.projitems*{c2dc3c3e-67e8-4773-a56c-df5377de2d68}*SharedItemsImports = 13
		Scalex\Scalex\Xamarin.projitems*{cf8abce4-efd2-4d4f-a96a-64608ac4adfe}*SharedItemsImports = 5
	EndGlobalSection
EndGlobal
